// !$*UTF8*$!
{
	archiveVersion = 1;
	classes = {
	};
	objectVersion = 55;
	objects = {

/* Begin PBXBuildFile section */
		50B1F3D5289BBF7A0074E02D /* Foundation.framework in Frameworks */ = {isa = PBXBuildFile; fileRef = 50B1F3D4289BBF7A0074E02D /* Foundation.framework */; };
		50B1F484289CC62D0074E02D /* QNPlayerModel.m in Sources */ = {isa = PBXBuildFile; fileRef = 50B1F41F289CC62D0074E02D /* QNPlayerModel.m */; };
		50B1F487289CC62D0074E02D /* QNConfigSegTableViewCell.m in Sources */ = {isa = PBXBuildFile; fileRef = 50B1F425289CC62D0074E02D /* QNConfigSegTableViewCell.m */; };
		50B1F488289CC62D0074E02D /* QNConfigInputTableViewCell.m in Sources */ = {isa = PBXBuildFile; fileRef = 50B1F427289CC62D0074E02D /* QNConfigInputTableViewCell.m */; };
		50B1F489289CC62D0074E02D /* QNPlayerSettingsView.m in Sources */ = {isa = PBXBuildFile; fileRef = 50B1F42A289CC62D0074E02D /* QNPlayerSettingsView.m */; };
		50B1F48A289CC62D0074E02D /* QNChangePlayerView.m in Sources */ = {isa = PBXBuildFile; fileRef = 50B1F42B289CC62D0074E02D /* QNChangePlayerView.m */; };
		50B1F48B289CC62D0074E02D /* QNSpeedPlayerView.m in Sources */ = {isa = PBXBuildFile; fileRef = 50B1F42C289CC62D0074E02D /* QNSpeedPlayerView.m */; };
		50B1F48C289CC62D0074E02D /* QDataHandle.m in Sources */ = {isa = PBXBuildFile; fileRef = 50B1F432289CC62D0074E02D /* QDataHandle.m */; };
		50B1F48D289CC62D0074E02D /* QNPlayerConfigViewController.m in Sources */ = {isa = PBXBuildFile; fileRef = 50B1F433289CC62D0074E02D /* QNPlayerConfigViewController.m */; };
		50B1F48E289CC62D0074E02D /* QNClassModel.m in Sources */ = {isa = PBXBuildFile; fileRef = 50B1F435289CC62D0074E02D /* QNClassModel.m */; };
		50B1F48F289CC62D0074E02D /* QNURLListTableViewCell.m in Sources */ = {isa = PBXBuildFile; fileRef = 50B1F437289CC62D0074E02D /* QNURLListTableViewCell.m */; };
		50B1F490289CC62D0074E02D /* QNAppDelegate.m in Sources */ = {isa = PBXBuildFile; fileRef = 50B1F439289CC62D0074E02D /* QNAppDelegate.m */; };
		50B1F491289CC62D0074E02D /* QNToastView.m in Sources */ = {isa = PBXBuildFile; fileRef = 50B1F43B289CC62D0074E02D /* QNToastView.m */; };
		50B1F492289CC62D0074E02D /* ShowMassageView.m in Sources */ = {isa = PBXBuildFile; fileRef = 50B1F43C289CC62D0074E02D /* ShowMassageView.m */; };
		50B1F493289CC62D0074E02D /* QNInfoHeaderView.m in Sources */ = {isa = PBXBuildFile; fileRef = 50B1F43F289CC62D0074E02D /* QNInfoHeaderView.m */; };
		50B1F494289CC62D0074E02D /* Assets.xcassets in Resources */ = {isa = PBXBuildFile; fileRef = 50B1F440289CC62D0074E02D /* Assets.xcassets */; };
		50B1F495289CC62D0074E02D /* PLCellPlayerTableViewCell.m in Sources */ = {isa = PBXBuildFile; fileRef = 50B1F442289CC62D0074E02D /* PLCellPlayerTableViewCell.m */; };
		50B1F496289CC62D0074E02D /* LaunchScreen.storyboard in Resources */ = {isa = PBXBuildFile; fileRef = 50B1F443289CC62D0074E02D /* LaunchScreen.storyboard */; };
		50B1F497289CC62D0074E02D /* Main.storyboard in Resources */ = {isa = PBXBuildFile; fileRef = 50B1F445289CC62D0074E02D /* Main.storyboard */; };
		50B1F498289CC62D0074E02D /* QNPlayerViewController.m in Sources */ = {isa = PBXBuildFile; fileRef = 50B1F447289CC62D0074E02D /* QNPlayerViewController.m */; };
		50B1F499289CC62D0074E02D /* QNPlayerMaskView.m in Sources */ = {isa = PBXBuildFile; fileRef = 50B1F44A289CC62D0074E02D /* QNPlayerMaskView.m */; };
		50B1F49A289CC62D0074E02D /* QNPlayerShortVideoMaskView.m in Sources */ = {isa = PBXBuildFile; fileRef = 50B1F44B289CC62D0074E02D /* QNPlayerShortVideoMaskView.m */; };
		50B1F49B289CC62D0074E02D /* QNSoundSliderView.m in Sources */ = {isa = PBXBuildFile; fileRef = 50B1F44E289CC62D0074E02D /* QNSoundSliderView.m */; };
		50B1F49C289CC62D0074E02D /* QNButtonView.m in Sources */ = {isa = PBXBuildFile; fileRef = 50B1F450289CC62D0074E02D /* QNButtonView.m */; };
		50B1F49D289CC62D0074E02D /* QNHeadsetNotification.m in Sources */ = {isa = PBXBuildFile; fileRef = 50B1F453289CC62D0074E02D /* QNHeadsetNotification.m */; };
		50B1F49E289CC62D0074E02D /* main.m in Sources */ = {isa = PBXBuildFile; fileRef = 50B1F454289CC62D0074E02D /* main.m */; };
		50B1F49F289CC62D0074E02D /* PLCellPlayerViewController.m in Sources */ = {isa = PBXBuildFile; fileRef = 50B1F456289CC62D0074E02D /* PLCellPlayerViewController.m */; };
		50B1F4A0289CC62D0074E02D /* QNScanViewController.m in Sources */ = {isa = PBXBuildFile; fileRef = 50B1F45A289CC62D0074E02D /* QNScanViewController.m */; };
		50B1F4A1289CC62D0074E02D /* qiniu.png in Resources */ = {isa = PBXBuildFile; fileRef = 50B1F45C289CC62D0074E02D /* qiniu.png */; };
		50B1F4A2289CC62D0074E02D /* pl_smallScreen.png in Resources */ = {isa = PBXBuildFile; fileRef = 50B1F45D289CC62D0074E02D /* pl_smallScreen.png */; };
		50B1F4A3289CC62D0074E02D /* pl_forward.png in Resources */ = {isa = PBXBuildFile; fileRef = 50B1F45E289CC62D0074E02D /* pl_forward.png */; };
		50B1F4A4289CC62D0074E02D /* pl_back.png in Resources */ = {isa = PBXBuildFile; fileRef = 50B1F45F289CC62D0074E02D /* pl_back.png */; };
		50B1F4A5289CC62D0074E02D /* pl_play.png in Resources */ = {isa = PBXBuildFile; fileRef = 50B1F460289CC62D0074E02D /* pl_play.png */; };
		50B1F4A6289CC62D0074E02D /* pl_scan.png in Resources */ = {isa = PBXBuildFile; fileRef = 50B1F461289CC62D0074E02D /* pl_scan.png */; };
		50B1F4A7289CC62D0074E02D /* pl_maxVolume.png in Resources */ = {isa = PBXBuildFile; fileRef = 50B1F462289CC62D0074E02D /* pl_maxVolume.png */; };
		50B1F4A8289CC62D0074E02D /* pl_backward.png in Resources */ = {isa = PBXBuildFile; fileRef = 50B1F463289CC62D0074E02D /* pl_backward.png */; };
		50B1F4A9289CC62D0074E02D /* pl_mirror.png in Resources */ = {isa = PBXBuildFile; fileRef = 50B1F464289CC62D0074E02D /* pl_mirror.png */; };
		50B1F4AA289CC62D0074E02D /* pl_setting.png in Resources */ = {isa = PBXBuildFile; fileRef = 50B1F465289CC62D0074E02D /* pl_setting.png */; };
		50B1F4AB289CC62D0074E02D /* pl_round.png in Resources */ = {isa = PBXBuildFile; fileRef = 50B1F466289CC62D0074E02D /* pl_round.png */; };
		50B1F4AC289CC62D0074E02D /* pl_delete.png in Resources */ = {isa = PBXBuildFile; fileRef = 50B1F467289CC62D0074E02D /* pl_delete.png */; };
		50B1F4AD289CC62D0074E02D /* pl_up.png in Resources */ = {isa = PBXBuildFile; fileRef = 50B1F468289CC62D0074E02D /* pl_up.png */; };
		50B1F4AE289CC62D0074E02D /* pl_down.png in Resources */ = {isa = PBXBuildFile; fileRef = 50B1F469289CC62D0074E02D /* pl_down.png */; };
		50B1F4AF289CC62D0074E02D /* pl_min_blue_volume.png in Resources */ = {isa = PBXBuildFile; fileRef = 50B1F46A289CC62D0074E02D /* pl_min_blue_volume.png */; };
		50B1F4B0289CC62D0074E02D /* LOGO.png in Resources */ = {isa = PBXBuildFile; fileRef = 50B1F46B289CC62D0074E02D /* LOGO.png */; };
		50B1F4B1289CC62D0074E02D /* pl_clip.png in Resources */ = {isa = PBXBuildFile; fileRef = 50B1F46C289CC62D0074E02D /* pl_clip.png */; };
		50B1F4B2289CC62D0074E02D /* urls.json in Resources */ = {isa = PBXBuildFile; fileRef = 50B1F46D289CC62D0074E02D /* urls.json */; };
		50B1F4B3289CC62D0074E02D /* launch_image.jpg in Resources */ = {isa = PBXBuildFile; fileRef = 50B1F46E289CC62D0074E02D /* launch_image.jpg */; };
		50B1F4B4289CC62D0074E02D /* audiovorbis.ogg in Resources */ = {isa = PBXBuildFile; fileRef = 50B1F46F289CC62D0074E02D /* audiovorbis.ogg */; };
		50B1F4B5289CC62D0074E02D /* pl_origin.png in Resources */ = {isa = PBXBuildFile; fileRef = 50B1F470289CC62D0074E02D /* pl_origin.png */; };
		50B1F4B6289CC62D0074E02D /* lite_urls.json in Resources */ = {isa = PBXBuildFile; fileRef = 50B1F471289CC62D0074E02D /* lite_urls.json */; };
		50B1F4B7289CC62D0074E02D /* pl_close.png in Resources */ = {isa = PBXBuildFile; fileRef = 50B1F472289CC62D0074E02D /* pl_close.png */; };
		50B1F4B8289CC62D0074E02D /* pl_stop.png in Resources */ = {isa = PBXBuildFile; fileRef = 50B1F473289CC62D0074E02D /* pl_stop.png */; };
		50B1F4B9289CC62D0074E02D /* pl_minVolume.png in Resources */ = {isa = PBXBuildFile; fileRef = 50B1F474289CC62D0074E02D /* pl_minVolume.png */; };
		50B1F4BA289CC62D0074E02D /* pl_shoot.png in Resources */ = {isa = PBXBuildFile; fileRef = 50B1F475289CC62D0074E02D /* pl_shoot.png */; };
		50B1F4BB289CC62D0074E02D /* gotham.mkv in Resources */ = {isa = PBXBuildFile; fileRef = 50B1F476289CC62D0074E02D /* gotham.mkv */; };
		50B1F4BC289CC62D0074E02D /* pl_fullScreen.png in Resources */ = {isa = PBXBuildFile; fileRef = 50B1F477289CC62D0074E02D /* pl_fullScreen.png */; };
		50B1F4BD289CC62D0074E02D /* source264_flv.flv in Resources */ = {isa = PBXBuildFile; fileRef = 50B1F479289CC62D0074E02D /* source264_flv.flv */; };
		50B1F4BE289CC62D0074E02D /* source265_flv.flv in Resources */ = {isa = PBXBuildFile; fileRef = 50B1F47A289CC62D0074E02D /* source265_flv.flv */; };
		50B1F4BF289CC62D0074E02D /* source265_mp4.mp4 in Resources */ = {isa = PBXBuildFile; fileRef = 50B1F47B289CC62D0074E02D /* source265_mp4.mp4 */; };
		50B1F4C0289CC62D0074E02D /* source264_mp4.mp4 in Resources */ = {isa = PBXBuildFile; fileRef = 50B1F47C289CC62D0074E02D /* source264_mp4.mp4 */; };
		50B1F4C1289CC62D0074E02D /* source_aac.aac in Resources */ = {isa = PBXBuildFile; fileRef = 50B1F47D289CC62D0074E02D /* source_aac.aac */; };
		50B1F4C2289CC62D0074E02D /* pl_max_blue_volume.png in Resources */ = {isa = PBXBuildFile; fileRef = 50B1F47E289CC62D0074E02D /* pl_max_blue_volume.png */; };
		50B1F4C3289CC62D0074E02D /* pl_rotate@3x.png in Resources */ = {isa = PBXBuildFile; fileRef = 50B1F47F289CC62D0074E02D /* pl_rotate@3x.png */; };
		50B1F4C5289CC62D0074E02D /* QNHomeViewController.m in Sources */ = {isa = PBXBuildFile; fileRef = 50B1F483289CC62D0074E02D /* QNHomeViewController.m */; };
		50B1F4D0289CCF050074E02D /* qplayer2_core.framework in Frameworks */ = {isa = PBXBuildFile; fileRef = CA90B8BB289B616F0087543B /* qplayer2_core.framework */; };
		50B1F4D1289CCF050074E02D /* qplayer2_core.framework in Embed Frameworks */ = {isa = PBXBuildFile; fileRef = CA90B8BB289B616F0087543B /* qplayer2_core.framework */; settings = {ATTRIBUTES = (CodeSignOnCopy, RemoveHeadersOnCopy, ); }; };
		EDD5024DEF73944FE7396F23 /* libPods-qplayer2demo.a in Frameworks */ = {isa = PBXBuildFile; fileRef = 28213E62E1DBFDB4047DE7E7 /* libPods-qplayer2demo.a */; };
/* End PBXBuildFile section */

/* Begin PBXContainerItemProxy section */
		CA90B8BA289B616F0087543B /* PBXContainerItemProxy */ = {
			isa = PBXContainerItemProxy;
			containerPortal = CA90B8B6289B616F0087543B /* qplayer2-core.xcodeproj */;
			proxyType = 2;
			remoteGlobalIDString = CA43018B289A5D6B002FE55B;
			remoteInfo = "qplayer2-core";
		};
		CA90B8C6289B62470087543B /* PBXContainerItemProxy */ = {
			isa = PBXContainerItemProxy;
			containerPortal = CA90B8C2289B62460087543B /* qplayer2-ext.xcodeproj */;
			proxyType = 2;
			remoteGlobalIDString = CA4301A1289A5DD8002FE55B;
			remoteInfo = "qplayer2-ext";
		};
/* End PBXContainerItemProxy section */

/* Begin PBXCopyFilesBuildPhase section */
		50B1F4D2289CCF060074E02D /* Embed Frameworks */ = {
			isa = PBXCopyFilesBuildPhase;
			buildActionMask = 2147483647;
			dstPath = "";
			dstSubfolderSpec = 10;
			files = (
				50B1F4D1289CCF050074E02D /* qplayer2_core.framework in Embed Frameworks */,
			);
			name = "Embed Frameworks";
			runOnlyForDeploymentPostprocessing = 0;
		};
/* End PBXCopyFilesBuildPhase section */

/* Begin PBXFileReference section */
		28213E62E1DBFDB4047DE7E7 /* libPods-qplayer2demo.a */ = {isa = PBXFileReference; explicitFileType = archive.ar; includeInIndex = 0; path = "libPods-qplayer2demo.a"; sourceTree = BUILT_PRODUCTS_DIR; };
		4211E9CF8D034B873A1A0811 /* Pods-qplayer2demo.release.xcconfig */ = {isa = PBXFileReference; includeInIndex = 1; lastKnownFileType = text.xcconfig; name = "Pods-qplayer2demo.release.xcconfig"; path = "Target Support Files/Pods-qplayer2demo/Pods-qplayer2demo.release.xcconfig"; sourceTree = "<group>"; };
		50B1F3CA289BBC630074E02D /* AVFoundation.framework */ = {isa = PBXFileReference; lastKnownFileType = wrapper.framework; name = AVFoundation.framework; path = System/Library/Frameworks/AVFoundation.framework; sourceTree = SDKROOT; };
		50B1F3CE289BBCEA0074E02D /* AVKit.framework */ = {isa = PBXFileReference; lastKnownFileType = wrapper.framework; name = AVKit.framework; path = System/Library/Frameworks/AVKit.framework; sourceTree = SDKROOT; };
		50B1F3D4289BBF7A0074E02D /* Foundation.framework */ = {isa = PBXFileReference; lastKnownFileType = wrapper.framework; name = Foundation.framework; path = System/Library/Frameworks/Foundation.framework; sourceTree = SDKROOT; };
		50B1F41D289CC62D0074E02D /* QNPlayerViewController.h */ = {isa = PBXFileReference; fileEncoding = 4; lastKnownFileType = sourcecode.c.h; path = QNPlayerViewController.h; sourceTree = "<group>"; };
		50B1F41F289CC62D0074E02D /* QNPlayerModel.m */ = {isa = PBXFileReference; fileEncoding = 4; lastKnownFileType = sourcecode.c.objc; path = QNPlayerModel.m; sourceTree = "<group>"; };
		50B1F420289CC62D0074E02D /* QNConfigInputTableViewCell.h */ = {isa = PBXFileReference; fileEncoding = 4; lastKnownFileType = sourcecode.c.h; path = QNConfigInputTableViewCell.h; sourceTree = "<group>"; };
		50B1F423289CC62D0074E02D /* QNPlayerConfigViewController.h */ = {isa = PBXFileReference; fileEncoding = 4; lastKnownFileType = sourcecode.c.h; path = QNPlayerConfigViewController.h; sourceTree = "<group>"; };
		50B1F424289CC62D0074E02D /* QDataHandle.h */ = {isa = PBXFileReference; fileEncoding = 4; lastKnownFileType = sourcecode.c.h; path = QDataHandle.h; sourceTree = "<group>"; };
		50B1F425289CC62D0074E02D /* QNConfigSegTableViewCell.m */ = {isa = PBXFileReference; fileEncoding = 4; lastKnownFileType = sourcecode.c.objc; path = QNConfigSegTableViewCell.m; sourceTree = "<group>"; };
		50B1F426289CC62D0074E02D /* QNClassModel.h */ = {isa = PBXFileReference; fileEncoding = 4; lastKnownFileType = sourcecode.c.h; path = QNClassModel.h; sourceTree = "<group>"; };
		50B1F427289CC62D0074E02D /* QNConfigInputTableViewCell.m */ = {isa = PBXFileReference; fileEncoding = 4; lastKnownFileType = sourcecode.c.objc; path = QNConfigInputTableViewCell.m; sourceTree = "<group>"; };
		50B1F428289CC62D0074E02D /* QNPlayerModel.h */ = {isa = PBXFileReference; fileEncoding = 4; lastKnownFileType = sourcecode.c.h; path = QNPlayerModel.h; sourceTree = "<group>"; };
		50B1F42A289CC62D0074E02D /* QNPlayerSettingsView.m */ = {isa = PBXFileReference; fileEncoding = 4; lastKnownFileType = sourcecode.c.objc; path = QNPlayerSettingsView.m; sourceTree = "<group>"; };
		50B1F42B289CC62D0074E02D /* QNChangePlayerView.m */ = {isa = PBXFileReference; fileEncoding = 4; lastKnownFileType = sourcecode.c.objc; path = QNChangePlayerView.m; sourceTree = "<group>"; };
		50B1F42C289CC62D0074E02D /* QNSpeedPlayerView.m */ = {isa = PBXFileReference; fileEncoding = 4; lastKnownFileType = sourcecode.c.objc; path = QNSpeedPlayerView.m; sourceTree = "<group>"; };
		50B1F42D289CC62D0074E02D /* QNChangePlayerView.h */ = {isa = PBXFileReference; fileEncoding = 4; lastKnownFileType = sourcecode.c.h; path = QNChangePlayerView.h; sourceTree = "<group>"; };
		50B1F42E289CC62D0074E02D /* QNPlayerSettingsView.h */ = {isa = PBXFileReference; fileEncoding = 4; lastKnownFileType = sourcecode.c.h; path = QNPlayerSettingsView.h; sourceTree = "<group>"; };
		50B1F42F289CC62D0074E02D /* QNSpeedPlayerView.h */ = {isa = PBXFileReference; fileEncoding = 4; lastKnownFileType = sourcecode.c.h; path = QNSpeedPlayerView.h; sourceTree = "<group>"; };
		50B1F432289CC62D0074E02D /* QDataHandle.m */ = {isa = PBXFileReference; fileEncoding = 4; lastKnownFileType = sourcecode.c.objc; path = QDataHandle.m; sourceTree = "<group>"; };
		50B1F433289CC62D0074E02D /* QNPlayerConfigViewController.m */ = {isa = PBXFileReference; fileEncoding = 4; lastKnownFileType = sourcecode.c.objc; path = QNPlayerConfigViewController.m; sourceTree = "<group>"; };
		50B1F434289CC62D0074E02D /* QNConfigSegTableViewCell.h */ = {isa = PBXFileReference; fileEncoding = 4; lastKnownFileType = sourcecode.c.h; path = QNConfigSegTableViewCell.h; sourceTree = "<group>"; };
		50B1F435289CC62D0074E02D /* QNClassModel.m */ = {isa = PBXFileReference; fileEncoding = 4; lastKnownFileType = sourcecode.c.objc; path = QNClassModel.m; sourceTree = "<group>"; };
		50B1F436289CC62D0074E02D /* QNPublicHeader.h */ = {isa = PBXFileReference; fileEncoding = 4; lastKnownFileType = sourcecode.c.h; path = QNPublicHeader.h; sourceTree = "<group>"; };
		50B1F437289CC62D0074E02D /* QNURLListTableViewCell.m */ = {isa = PBXFileReference; fileEncoding = 4; lastKnownFileType = sourcecode.c.objc; path = QNURLListTableViewCell.m; sourceTree = "<group>"; };
		50B1F438289CC62D0074E02D /* PLCellPlayerViewController.h */ = {isa = PBXFileReference; fileEncoding = 4; lastKnownFileType = sourcecode.c.h; path = PLCellPlayerViewController.h; sourceTree = "<group>"; };
		50B1F439289CC62D0074E02D /* QNAppDelegate.m */ = {isa = PBXFileReference; fileEncoding = 4; lastKnownFileType = sourcecode.c.objc; path = QNAppDelegate.m; sourceTree = "<group>"; };
		50B1F43B289CC62D0074E02D /* QNToastView.m */ = {isa = PBXFileReference; fileEncoding = 4; lastKnownFileType = sourcecode.c.objc; path = QNToastView.m; sourceTree = "<group>"; };
		50B1F43C289CC62D0074E02D /* ShowMassageView.m */ = {isa = PBXFileReference; fileEncoding = 4; lastKnownFileType = sourcecode.c.objc; path = ShowMassageView.m; sourceTree = "<group>"; };
		50B1F43D289CC62D0074E02D /* QNToastView.h */ = {isa = PBXFileReference; fileEncoding = 4; lastKnownFileType = sourcecode.c.h; path = QNToastView.h; sourceTree = "<group>"; };
		50B1F43E289CC62D0074E02D /* ShowMassageView.h */ = {isa = PBXFileReference; fileEncoding = 4; lastKnownFileType = sourcecode.c.h; path = ShowMassageView.h; sourceTree = "<group>"; };
		50B1F43F289CC62D0074E02D /* QNInfoHeaderView.m */ = {isa = PBXFileReference; fileEncoding = 4; lastKnownFileType = sourcecode.c.objc; path = QNInfoHeaderView.m; sourceTree = "<group>"; };
		50B1F440289CC62D0074E02D /* Assets.xcassets */ = {isa = PBXFileReference; lastKnownFileType = folder.assetcatalog; path = Assets.xcassets; sourceTree = "<group>"; };
		50B1F441289CC62D0074E02D /* QNHomeViewController.h */ = {isa = PBXFileReference; fileEncoding = 4; lastKnownFileType = sourcecode.c.h; path = QNHomeViewController.h; sourceTree = "<group>"; };
		50B1F442289CC62D0074E02D /* PLCellPlayerTableViewCell.m */ = {isa = PBXFileReference; fileEncoding = 4; lastKnownFileType = sourcecode.c.objc; path = PLCellPlayerTableViewCell.m; sourceTree = "<group>"; };
		50B1F444289CC62D0074E02D /* Base */ = {isa = PBXFileReference; lastKnownFileType = file.storyboard; name = Base; path = Base.lproj/LaunchScreen.storyboard; sourceTree = "<group>"; };
		50B1F446289CC62D0074E02D /* Base */ = {isa = PBXFileReference; lastKnownFileType = file.storyboard; name = Base; path = Base.lproj/Main.storyboard; sourceTree = "<group>"; };
		50B1F447289CC62D0074E02D /* QNPlayerViewController.m */ = {isa = PBXFileReference; fileEncoding = 4; lastKnownFileType = sourcecode.c.objc; path = QNPlayerViewController.m; sourceTree = "<group>"; };
		50B1F449289CC62D0074E02D /* QNPlayerShortVideoMaskView.h */ = {isa = PBXFileReference; fileEncoding = 4; lastKnownFileType = sourcecode.c.h; path = QNPlayerShortVideoMaskView.h; sourceTree = "<group>"; };
		50B1F44A289CC62D0074E02D /* QNPlayerMaskView.m */ = {isa = PBXFileReference; fileEncoding = 4; lastKnownFileType = sourcecode.c.objc; path = QNPlayerMaskView.m; sourceTree = "<group>"; };
		50B1F44B289CC62D0074E02D /* QNPlayerShortVideoMaskView.m */ = {isa = PBXFileReference; fileEncoding = 4; lastKnownFileType = sourcecode.c.objc; path = QNPlayerShortVideoMaskView.m; sourceTree = "<group>"; };
		50B1F44C289CC62D0074E02D /* QNPlayerMaskView.h */ = {isa = PBXFileReference; fileEncoding = 4; lastKnownFileType = sourcecode.c.h; path = QNPlayerMaskView.h; sourceTree = "<group>"; };
		50B1F44E289CC62D0074E02D /* QNSoundSliderView.m */ = {isa = PBXFileReference; fileEncoding = 4; lastKnownFileType = sourcecode.c.objc; path = QNSoundSliderView.m; sourceTree = "<group>"; };
		50B1F44F289CC62D0074E02D /* QNHeadsetNotification.h */ = {isa = PBXFileReference; fileEncoding = 4; lastKnownFileType = sourcecode.c.h; path = QNHeadsetNotification.h; sourceTree = "<group>"; };
		50B1F450289CC62D0074E02D /* QNButtonView.m */ = {isa = PBXFileReference; fileEncoding = 4; lastKnownFileType = sourcecode.c.objc; path = QNButtonView.m; sourceTree = "<group>"; };
		50B1F451289CC62D0074E02D /* QNSoundSliderView.h */ = {isa = PBXFileReference; fileEncoding = 4; lastKnownFileType = sourcecode.c.h; path = QNSoundSliderView.h; sourceTree = "<group>"; };
		50B1F452289CC62D0074E02D /* QNButtonView.h */ = {isa = PBXFileReference; fileEncoding = 4; lastKnownFileType = sourcecode.c.h; path = QNButtonView.h; sourceTree = "<group>"; };
		50B1F453289CC62D0074E02D /* QNHeadsetNotification.m */ = {isa = PBXFileReference; fileEncoding = 4; lastKnownFileType = sourcecode.c.objc; path = QNHeadsetNotification.m; sourceTree = "<group>"; };
		50B1F454289CC62D0074E02D /* main.m */ = {isa = PBXFileReference; fileEncoding = 4; lastKnownFileType = sourcecode.c.objc; path = main.m; sourceTree = "<group>"; };
		50B1F455289CC62D0074E02D /* QNURLListTableViewCell.h */ = {isa = PBXFileReference; fileEncoding = 4; lastKnownFileType = sourcecode.c.h; path = QNURLListTableViewCell.h; sourceTree = "<group>"; };
		50B1F456289CC62D0074E02D /* PLCellPlayerViewController.m */ = {isa = PBXFileReference; fileEncoding = 4; lastKnownFileType = sourcecode.c.objc; path = PLCellPlayerViewController.m; sourceTree = "<group>"; };
		50B1F457289CC62D0074E02D /* QNInfoHeaderView.h */ = {isa = PBXFileReference; fileEncoding = 4; lastKnownFileType = sourcecode.c.h; path = QNInfoHeaderView.h; sourceTree = "<group>"; };
		50B1F459289CC62D0074E02D /* QNScanViewController.h */ = {isa = PBXFileReference; fileEncoding = 4; lastKnownFileType = sourcecode.c.h; path = QNScanViewController.h; sourceTree = "<group>"; };
		50B1F45A289CC62D0074E02D /* QNScanViewController.m */ = {isa = PBXFileReference; fileEncoding = 4; lastKnownFileType = sourcecode.c.objc; path = QNScanViewController.m; sourceTree = "<group>"; };
		50B1F45C289CC62D0074E02D /* qiniu.png */ = {isa = PBXFileReference; lastKnownFileType = image.png; path = qiniu.png; sourceTree = "<group>"; };
		50B1F45D289CC62D0074E02D /* pl_smallScreen.png */ = {isa = PBXFileReference; lastKnownFileType = image.png; path = pl_smallScreen.png; sourceTree = "<group>"; };
		50B1F45E289CC62D0074E02D /* pl_forward.png */ = {isa = PBXFileReference; lastKnownFileType = image.png; path = pl_forward.png; sourceTree = "<group>"; };
		50B1F45F289CC62D0074E02D /* pl_back.png */ = {isa = PBXFileReference; lastKnownFileType = image.png; path = pl_back.png; sourceTree = "<group>"; };
		50B1F460289CC62D0074E02D /* pl_play.png */ = {isa = PBXFileReference; lastKnownFileType = image.png; path = pl_play.png; sourceTree = "<group>"; };
		50B1F461289CC62D0074E02D /* pl_scan.png */ = {isa = PBXFileReference; lastKnownFileType = image.png; path = pl_scan.png; sourceTree = "<group>"; };
		50B1F462289CC62D0074E02D /* pl_maxVolume.png */ = {isa = PBXFileReference; lastKnownFileType = image.png; path = pl_maxVolume.png; sourceTree = "<group>"; };
		50B1F463289CC62D0074E02D /* pl_backward.png */ = {isa = PBXFileReference; lastKnownFileType = image.png; path = pl_backward.png; sourceTree = "<group>"; };
		50B1F464289CC62D0074E02D /* pl_mirror.png */ = {isa = PBXFileReference; lastKnownFileType = image.png; path = pl_mirror.png; sourceTree = "<group>"; };
		50B1F465289CC62D0074E02D /* pl_setting.png */ = {isa = PBXFileReference; lastKnownFileType = image.png; path = pl_setting.png; sourceTree = "<group>"; };
		50B1F466289CC62D0074E02D /* pl_round.png */ = {isa = PBXFileReference; lastKnownFileType = image.png; path = pl_round.png; sourceTree = "<group>"; };
		50B1F467289CC62D0074E02D /* pl_delete.png */ = {isa = PBXFileReference; lastKnownFileType = image.png; path = pl_delete.png; sourceTree = "<group>"; };
		50B1F468289CC62D0074E02D /* pl_up.png */ = {isa = PBXFileReference; lastKnownFileType = image.png; path = pl_up.png; sourceTree = "<group>"; };
		50B1F469289CC62D0074E02D /* pl_down.png */ = {isa = PBXFileReference; lastKnownFileType = image.png; path = pl_down.png; sourceTree = "<group>"; };
		50B1F46A289CC62D0074E02D /* pl_min_blue_volume.png */ = {isa = PBXFileReference; lastKnownFileType = image.png; path = pl_min_blue_volume.png; sourceTree = "<group>"; };
		50B1F46B289CC62D0074E02D /* LOGO.png */ = {isa = PBXFileReference; lastKnownFileType = image.png; path = LOGO.png; sourceTree = "<group>"; };
		50B1F46C289CC62D0074E02D /* pl_clip.png */ = {isa = PBXFileReference; lastKnownFileType = image.png; path = pl_clip.png; sourceTree = "<group>"; };
		50B1F46D289CC62D0074E02D /* urls.json */ = {isa = PBXFileReference; fileEncoding = 4; lastKnownFileType = text.json; path = urls.json; sourceTree = "<group>"; };
		50B1F46E289CC62D0074E02D /* launch_image.jpg */ = {isa = PBXFileReference; lastKnownFileType = image.jpeg; path = launch_image.jpg; sourceTree = "<group>"; };
		50B1F46F289CC62D0074E02D /* audiovorbis.ogg */ = {isa = PBXFileReference; lastKnownFileType = file; path = audiovorbis.ogg; sourceTree = "<group>"; };
		50B1F470289CC62D0074E02D /* pl_origin.png */ = {isa = PBXFileReference; lastKnownFileType = image.png; path = pl_origin.png; sourceTree = "<group>"; };
		50B1F471289CC62D0074E02D /* lite_urls.json */ = {isa = PBXFileReference; fileEncoding = 4; lastKnownFileType = text.json; path = lite_urls.json; sourceTree = "<group>"; };
		50B1F472289CC62D0074E02D /* pl_close.png */ = {isa = PBXFileReference; lastKnownFileType = image.png; path = pl_close.png; sourceTree = "<group>"; };
		50B1F473289CC62D0074E02D /* pl_stop.png */ = {isa = PBXFileReference; lastKnownFileType = image.png; path = pl_stop.png; sourceTree = "<group>"; };
		50B1F474289CC62D0074E02D /* pl_minVolume.png */ = {isa = PBXFileReference; lastKnownFileType = image.png; path = pl_minVolume.png; sourceTree = "<group>"; };
		50B1F475289CC62D0074E02D /* pl_shoot.png */ = {isa = PBXFileReference; lastKnownFileType = image.png; path = pl_shoot.png; sourceTree = "<group>"; };
		50B1F476289CC62D0074E02D /* gotham.mkv */ = {isa = PBXFileReference; lastKnownFileType = file; path = gotham.mkv; sourceTree = "<group>"; };
		50B1F477289CC62D0074E02D /* pl_fullScreen.png */ = {isa = PBXFileReference; lastKnownFileType = image.png; path = pl_fullScreen.png; sourceTree = "<group>"; };
		50B1F479289CC62D0074E02D /* source264_flv.flv */ = {isa = PBXFileReference; lastKnownFileType = file; path = source264_flv.flv; sourceTree = "<group>"; };
		50B1F47A289CC62D0074E02D /* source265_flv.flv */ = {isa = PBXFileReference; lastKnownFileType = file; path = source265_flv.flv; sourceTree = "<group>"; };
		50B1F47B289CC62D0074E02D /* source265_mp4.mp4 */ = {isa = PBXFileReference; lastKnownFileType = file; path = source265_mp4.mp4; sourceTree = "<group>"; };
		50B1F47C289CC62D0074E02D /* source264_mp4.mp4 */ = {isa = PBXFileReference; lastKnownFileType = file; path = source264_mp4.mp4; sourceTree = "<group>"; };
		50B1F47D289CC62D0074E02D /* source_aac.aac */ = {isa = PBXFileReference; lastKnownFileType = file; path = source_aac.aac; sourceTree = "<group>"; };
		50B1F47E289CC62D0074E02D /* pl_max_blue_volume.png */ = {isa = PBXFileReference; lastKnownFileType = image.png; path = pl_max_blue_volume.png; sourceTree = "<group>"; };
		50B1F47F289CC62D0074E02D /* pl_rotate@3x.png */ = {isa = PBXFileReference; lastKnownFileType = image.png; path = "pl_rotate@3x.png"; sourceTree = "<group>"; };
		50B1F480289CC62D0074E02D /* QNAppDelegate.h */ = {isa = PBXFileReference; fileEncoding = 4; lastKnownFileType = sourcecode.c.h; path = QNAppDelegate.h; sourceTree = "<group>"; };
		50B1F481289CC62D0074E02D /* Info.plist */ = {isa = PBXFileReference; fileEncoding = 4; lastKnownFileType = text.plist.xml; path = Info.plist; sourceTree = "<group>"; };
		50B1F482289CC62D0074E02D /* PLCellPlayerTableViewCell.h */ = {isa = PBXFileReference; fileEncoding = 4; lastKnownFileType = sourcecode.c.h; path = PLCellPlayerTableViewCell.h; sourceTree = "<group>"; };
		50B1F483289CC62D0074E02D /* QNHomeViewController.m */ = {isa = PBXFileReference; fileEncoding = 4; lastKnownFileType = sourcecode.c.objc; path = QNHomeViewController.m; sourceTree = "<group>"; };
		B2BDA3706EA1C6372228C6C3 /* Pods-qplayer2demo.debug.xcconfig */ = {isa = PBXFileReference; includeInIndex = 1; lastKnownFileType = text.xcconfig; name = "Pods-qplayer2demo.debug.xcconfig"; path = "Target Support Files/Pods-qplayer2demo/Pods-qplayer2demo.debug.xcconfig"; sourceTree = "<group>"; };
		CA90B80F289A7AF60087543B /* qplayer2demo.app */ = {isa = PBXFileReference; explicitFileType = wrapper.application; includeInIndex = 0; path = qplayer2demo.app; sourceTree = BUILT_PRODUCTS_DIR; };
		CA90B8B6289B616F0087543B /* qplayer2-core.xcodeproj */ = {isa = PBXFileReference; lastKnownFileType = "wrapper.pb-project"; name = "qplayer2-core.xcodeproj"; path = "../../../qplayer2-core/platform/ios/qplayer2-core/qplayer2-core.xcodeproj"; sourceTree = "<group>"; };
		CA90B8C2289B62460087543B /* qplayer2-ext.xcodeproj */ = {isa = PBXFileReference; lastKnownFileType = "wrapper.pb-project"; name = "qplayer2-ext.xcodeproj"; path = "../../../qplayer2-core/platform/ios/qplayer2-ext/qplayer2-ext.xcodeproj"; sourceTree = "<group>"; };
/* End PBXFileReference section */

/* Begin PBXFrameworksBuildPhase section */
		CA90B80C289A7AF60087543B /* Frameworks */ = {
			isa = PBXFrameworksBuildPhase;
			buildActionMask = 2147483647;
			files = (
				50B1F3D5289BBF7A0074E02D /* Foundation.framework in Frameworks */,
				50B1F4D0289CCF050074E02D /* qplayer2_core.framework in Frameworks */,
				EDD5024DEF73944FE7396F23 /* libPods-qplayer2demo.a in Frameworks */,
			);
			runOnlyForDeploymentPostprocessing = 0;
		};
/* End PBXFrameworksBuildPhase section */

/* Begin PBXGroup section */
		36EE3C23CAAEDEE976CDECB3 /* Pods */ = {
			isa = PBXGroup;
			children = (
				B2BDA3706EA1C6372228C6C3 /* Pods-qplayer2demo.debug.xcconfig */,
				4211E9CF8D034B873A1A0811 /* Pods-qplayer2demo.release.xcconfig */,
			);
			path = Pods;
			sourceTree = "<group>";
		};
		50B1F41C289CC62D0074E02D /* qplayer2demo */ = {
			isa = PBXGroup;
			children = (
				50B1F440289CC62D0074E02D /* Assets.xcassets */,
				50B1F481289CC62D0074E02D /* Info.plist */,
				50B1F443289CC62D0074E02D /* LaunchScreen.storyboard */,
				50B1F454289CC62D0074E02D /* main.m */,
				50B1F445289CC62D0074E02D /* Main.storyboard */,
				50B1F41E289CC62D0074E02D /* PlayerSettings */,
				50B1F482289CC62D0074E02D /* PLCellPlayerTableViewCell.h */,
				50B1F442289CC62D0074E02D /* PLCellPlayerTableViewCell.m */,
				50B1F438289CC62D0074E02D /* PLCellPlayerViewController.h */,
				50B1F456289CC62D0074E02D /* PLCellPlayerViewController.m */,
				50B1F448289CC62D0074E02D /* Public */,
				50B1F480289CC62D0074E02D /* QNAppDelegate.h */,
				50B1F439289CC62D0074E02D /* QNAppDelegate.m */,
				50B1F441289CC62D0074E02D /* QNHomeViewController.h */,
				50B1F483289CC62D0074E02D /* QNHomeViewController.m */,
				50B1F457289CC62D0074E02D /* QNInfoHeaderView.h */,
				50B1F43F289CC62D0074E02D /* QNInfoHeaderView.m */,
				50B1F41D289CC62D0074E02D /* QNPlayerViewController.h */,
				50B1F447289CC62D0074E02D /* QNPlayerViewController.m */,
				50B1F436289CC62D0074E02D /* QNPublicHeader.h */,
				50B1F455289CC62D0074E02D /* QNURLListTableViewCell.h */,
				50B1F437289CC62D0074E02D /* QNURLListTableViewCell.m */,
				50B1F45B289CC62D0074E02D /* Resource */,
				50B1F458289CC62D0074E02D /* ScanCode */,
				50B1F43A289CC62D0074E02D /* toast */,
			);
			path = qplayer2demo;
			sourceTree = "<group>";
		};
		50B1F41E289CC62D0074E02D /* PlayerSettings */ = {
			isa = PBXGroup;
			children = (
				50B1F424289CC62D0074E02D /* QDataHandle.h */,
				50B1F432289CC62D0074E02D /* QDataHandle.m */,
				50B1F426289CC62D0074E02D /* QNClassModel.h */,
				50B1F435289CC62D0074E02D /* QNClassModel.m */,
				50B1F420289CC62D0074E02D /* QNConfigInputTableViewCell.h */,
				50B1F427289CC62D0074E02D /* QNConfigInputTableViewCell.m */,
				50B1F434289CC62D0074E02D /* QNConfigSegTableViewCell.h */,
				50B1F425289CC62D0074E02D /* QNConfigSegTableViewCell.m */,
				50B1F423289CC62D0074E02D /* QNPlayerConfigViewController.h */,
				50B1F433289CC62D0074E02D /* QNPlayerConfigViewController.m */,
				50B1F428289CC62D0074E02D /* QNPlayerModel.h */,
				50B1F41F289CC62D0074E02D /* QNPlayerModel.m */,
				50B1F429289CC62D0074E02D /* view */,
			);
			path = PlayerSettings;
			sourceTree = "<group>";
		};
		50B1F429289CC62D0074E02D /* view */ = {
			isa = PBXGroup;
			children = (
				50B1F42A289CC62D0074E02D /* QNPlayerSettingsView.m */,
				50B1F42B289CC62D0074E02D /* QNChangePlayerView.m */,
				50B1F42C289CC62D0074E02D /* QNSpeedPlayerView.m */,
				50B1F42D289CC62D0074E02D /* QNChangePlayerView.h */,
				50B1F42E289CC62D0074E02D /* QNPlayerSettingsView.h */,
				50B1F42F289CC62D0074E02D /* QNSpeedPlayerView.h */,
			);
			path = view;
			sourceTree = "<group>";
		};
		50B1F43A289CC62D0074E02D /* toast */ = {
			isa = PBXGroup;
			children = (
				50B1F43B289CC62D0074E02D /* QNToastView.m */,
				50B1F43C289CC62D0074E02D /* ShowMassageView.m */,
				50B1F43D289CC62D0074E02D /* QNToastView.h */,
				50B1F43E289CC62D0074E02D /* ShowMassageView.h */,
			);
			path = toast;
			sourceTree = "<group>";
		};
		50B1F448289CC62D0074E02D /* Public */ = {
			isa = PBXGroup;
			children = (
				50B1F44D289CC62D0074E02D /* ElementView */,
				50B1F44C289CC62D0074E02D /* QNPlayerMaskView.h */,
				50B1F44A289CC62D0074E02D /* QNPlayerMaskView.m */,
				50B1F449289CC62D0074E02D /* QNPlayerShortVideoMaskView.h */,
				50B1F44B289CC62D0074E02D /* QNPlayerShortVideoMaskView.m */,
			);
			path = Public;
			sourceTree = "<group>";
		};
		50B1F44D289CC62D0074E02D /* ElementView */ = {
			isa = PBXGroup;
			children = (
				50B1F452289CC62D0074E02D /* QNButtonView.h */,
				50B1F450289CC62D0074E02D /* QNButtonView.m */,
				50B1F44F289CC62D0074E02D /* QNHeadsetNotification.h */,
				50B1F453289CC62D0074E02D /* QNHeadsetNotification.m */,
				50B1F451289CC62D0074E02D /* QNSoundSliderView.h */,
				50B1F44E289CC62D0074E02D /* QNSoundSliderView.m */,
			);
			path = ElementView;
			sourceTree = "<group>";
		};
		50B1F458289CC62D0074E02D /* ScanCode */ = {
			isa = PBXGroup;
			children = (
				50B1F459289CC62D0074E02D /* QNScanViewController.h */,
				50B1F45A289CC62D0074E02D /* QNScanViewController.m */,
			);
			path = ScanCode;
			sourceTree = "<group>";
		};
		50B1F45B289CC62D0074E02D /* Resource */ = {
			isa = PBXGroup;
			children = (
				50B1F45C289CC62D0074E02D /* qiniu.png */,
				50B1F45D289CC62D0074E02D /* pl_smallScreen.png */,
				50B1F45E289CC62D0074E02D /* pl_forward.png */,
				50B1F45F289CC62D0074E02D /* pl_back.png */,
				50B1F460289CC62D0074E02D /* pl_play.png */,
				50B1F461289CC62D0074E02D /* pl_scan.png */,
				50B1F462289CC62D0074E02D /* pl_maxVolume.png */,
				50B1F463289CC62D0074E02D /* pl_backward.png */,
				50B1F464289CC62D0074E02D /* pl_mirror.png */,
				50B1F465289CC62D0074E02D /* pl_setting.png */,
				50B1F466289CC62D0074E02D /* pl_round.png */,
				50B1F467289CC62D0074E02D /* pl_delete.png */,
				50B1F468289CC62D0074E02D /* pl_up.png */,
				50B1F469289CC62D0074E02D /* pl_down.png */,
				50B1F46A289CC62D0074E02D /* pl_min_blue_volume.png */,
				50B1F46B289CC62D0074E02D /* LOGO.png */,
				50B1F46C289CC62D0074E02D /* pl_clip.png */,
				50B1F46D289CC62D0074E02D /* urls.json */,
				50B1F46E289CC62D0074E02D /* launch_image.jpg */,
				50B1F46F289CC62D0074E02D /* audiovorbis.ogg */,
				50B1F470289CC62D0074E02D /* pl_origin.png */,
				50B1F471289CC62D0074E02D /* lite_urls.json */,
				50B1F472289CC62D0074E02D /* pl_close.png */,
				50B1F473289CC62D0074E02D /* pl_stop.png */,
				50B1F474289CC62D0074E02D /* pl_minVolume.png */,
				50B1F475289CC62D0074E02D /* pl_shoot.png */,
				50B1F476289CC62D0074E02D /* gotham.mkv */,
				50B1F477289CC62D0074E02D /* pl_fullScreen.png */,
				50B1F478289CC62D0074E02D /* testSrc */,
				50B1F47E289CC62D0074E02D /* pl_max_blue_volume.png */,
				50B1F47F289CC62D0074E02D /* pl_rotate@3x.png */,
			);
			path = Resource;
			sourceTree = "<group>";
		};
		50B1F478289CC62D0074E02D /* testSrc */ = {
			isa = PBXGroup;
			children = (
				50B1F479289CC62D0074E02D /* source264_flv.flv */,
				50B1F47A289CC62D0074E02D /* source265_flv.flv */,
				50B1F47B289CC62D0074E02D /* source265_mp4.mp4 */,
				50B1F47C289CC62D0074E02D /* source264_mp4.mp4 */,
				50B1F47D289CC62D0074E02D /* source_aac.aac */,
			);
			path = testSrc;
			sourceTree = "<group>";
		};
		CA90B806289A7AF60087543B = {
			isa = PBXGroup;
			children = (
				50B1F41C289CC62D0074E02D /* qplayer2demo */,
				CA90B8C2289B62460087543B /* qplayer2-ext.xcodeproj */,
				CA90B8B6289B616F0087543B /* qplayer2-core.xcodeproj */,
				CA90B810289A7AF60087543B /* Products */,
				CA90BF8B289B846C0087543B /* Frameworks */,
				36EE3C23CAAEDEE976CDECB3 /* Pods */,
			);
			sourceTree = "<group>";
		};
		CA90B810289A7AF60087543B /* Products */ = {
			isa = PBXGroup;
			children = (
				CA90B80F289A7AF60087543B /* qplayer2demo.app */,
			);
			name = Products;
			sourceTree = "<group>";
		};
		CA90B8B7289B616F0087543B /* Products */ = {
			isa = PBXGroup;
			children = (
				CA90B8BB289B616F0087543B /* qplayer2_core.framework */,
			);
			name = Products;
			sourceTree = "<group>";
		};
		CA90B8C3289B62460087543B /* Products */ = {
			isa = PBXGroup;
			children = (
				CA90B8C7289B62470087543B /* qplayer2_ext.framework */,
			);
			name = Products;
			sourceTree = "<group>";
		};
		CA90BF8B289B846C0087543B /* Frameworks */ = {
			isa = PBXGroup;
			children = (
				50B1F3D4289BBF7A0074E02D /* Foundation.framework */,
				50B1F3CE289BBCEA0074E02D /* AVKit.framework */,
				50B1F3CA289BBC630074E02D /* AVFoundation.framework */,
				28213E62E1DBFDB4047DE7E7 /* libPods-qplayer2demo.a */,
			);
			name = Frameworks;
			sourceTree = "<group>";
		};
/* End PBXGroup section */

/* Begin PBXNativeTarget section */
		CA90B80E289A7AF60087543B /* qplayer2demo */ = {
			isa = PBXNativeTarget;
			buildConfigurationList = CA90B828289A7AF80087543B /* Build configuration list for PBXNativeTarget "qplayer2demo" */;
			buildPhases = (
				BCE00659F2CD2729AB902DE7 /* [CP] Check Pods Manifest.lock */,
				CA90B80B289A7AF60087543B /* Sources */,
				CA90B80C289A7AF60087543B /* Frameworks */,
				CA90B80D289A7AF60087543B /* Resources */,
				50B1F4D2289CCF060074E02D /* Embed Frameworks */,
			);
			buildRules = (
			);
			dependencies = (
			);
			name = qplayer2demo;
			productName = qplayer2demo;
			productReference = CA90B80F289A7AF60087543B /* qplayer2demo.app */;
			productType = "com.apple.product-type.application";
		};
/* End PBXNativeTarget section */

/* Begin PBXProject section */
		CA90B807289A7AF60087543B /* Project object */ = {
			isa = PBXProject;
			attributes = {
				BuildIndependentTargetsInParallel = 1;
				LastUpgradeCheck = 1340;
				TargetAttributes = {
					CA90B80E289A7AF60087543B = {
						CreatedOnToolsVersion = 13.4.1;
					};
				};
			};
			buildConfigurationList = CA90B80A289A7AF60087543B /* Build configuration list for PBXProject "qplayer2demo" */;
			compatibilityVersion = "Xcode 13.0";
			developmentRegion = en;
			hasScannedForEncodings = 0;
			knownRegions = (
				en,
				Base,
			);
			mainGroup = CA90B806289A7AF60087543B;
			productRefGroup = CA90B810289A7AF60087543B /* Products */;
			projectDirPath = "";
			projectReferences = (
				{
					ProductGroup = CA90B8B7289B616F0087543B /* Products */;
					ProjectRef = CA90B8B6289B616F0087543B /* qplayer2-core.xcodeproj */;
				},
				{
					ProductGroup = CA90B8C3289B62460087543B /* Products */;
					ProjectRef = CA90B8C2289B62460087543B /* qplayer2-ext.xcodeproj */;
				},
			);
			projectRoot = "";
			targets = (
				CA90B80E289A7AF60087543B /* qplayer2demo */,
			);
		};
/* End PBXProject section */

/* Begin PBXReferenceProxy section */
		CA90B8BB289B616F0087543B /* qplayer2_core.framework */ = {
			isa = PBXReferenceProxy;
			fileType = wrapper.framework;
			path = qplayer2_core.framework;
			remoteRef = CA90B8BA289B616F0087543B /* PBXContainerItemProxy */;
			sourceTree = BUILT_PRODUCTS_DIR;
		};
		CA90B8C7289B62470087543B /* qplayer2_ext.framework */ = {
			isa = PBXReferenceProxy;
			fileType = wrapper.framework;
			path = qplayer2_ext.framework;
			remoteRef = CA90B8C6289B62470087543B /* PBXContainerItemProxy */;
			sourceTree = BUILT_PRODUCTS_DIR;
		};
/* End PBXReferenceProxy section */

/* Begin PBXResourcesBuildPhase section */
		CA90B80D289A7AF60087543B /* Resources */ = {
			isa = PBXResourcesBuildPhase;
			buildActionMask = 2147483647;
			files = (
				50B1F4B7289CC62D0074E02D /* pl_close.png in Resources */,
				50B1F4A4289CC62D0074E02D /* pl_back.png in Resources */,
				50B1F4BF289CC62D0074E02D /* source265_mp4.mp4 in Resources */,
				50B1F4A6289CC62D0074E02D /* pl_scan.png in Resources */,
				50B1F497289CC62D0074E02D /* Main.storyboard in Resources */,
				50B1F4AC289CC62D0074E02D /* pl_delete.png in Resources */,
				50B1F4BC289CC62D0074E02D /* pl_fullScreen.png in Resources */,
				50B1F4AF289CC62D0074E02D /* pl_min_blue_volume.png in Resources */,
				50B1F494289CC62D0074E02D /* Assets.xcassets in Resources */,
				50B1F4B3289CC62D0074E02D /* launch_image.jpg in Resources */,
				50B1F4C1289CC62D0074E02D /* source_aac.aac in Resources */,
				50B1F4A1289CC62D0074E02D /* qiniu.png in Resources */,
				50B1F4A3289CC62D0074E02D /* pl_forward.png in Resources */,
				50B1F4C2289CC62D0074E02D /* pl_max_blue_volume.png in Resources */,
				50B1F4AA289CC62D0074E02D /* pl_setting.png in Resources */,
				50B1F496289CC62D0074E02D /* LaunchScreen.storyboard in Resources */,
				50B1F4BA289CC62D0074E02D /* pl_shoot.png in Resources */,
				50B1F4BE289CC62D0074E02D /* source265_flv.flv in Resources */,
				50B1F4B5289CC62D0074E02D /* pl_origin.png in Resources */,
				50B1F4B6289CC62D0074E02D /* lite_urls.json in Resources */,
				50B1F4C3289CC62D0074E02D /* pl_rotate@3x.png in Resources */,
				50B1F4B0289CC62D0074E02D /* LOGO.png in Resources */,
				50B1F4B8289CC62D0074E02D /* pl_stop.png in Resources */,
				50B1F4B4289CC62D0074E02D /* audiovorbis.ogg in Resources */,
				50B1F4BB289CC62D0074E02D /* gotham.mkv in Resources */,
				50B1F4AE289CC62D0074E02D /* pl_down.png in Resources */,
				50B1F4AB289CC62D0074E02D /* pl_round.png in Resources */,
				50B1F4B1289CC62D0074E02D /* pl_clip.png in Resources */,
				50B1F4C0289CC62D0074E02D /* source264_mp4.mp4 in Resources */,
				50B1F4A2289CC62D0074E02D /* pl_smallScreen.png in Resources */,
				50B1F4A8289CC62D0074E02D /* pl_backward.png in Resources */,
				50B1F4B9289CC62D0074E02D /* pl_minVolume.png in Resources */,
				50B1F4AD289CC62D0074E02D /* pl_up.png in Resources */,
				50B1F4BD289CC62D0074E02D /* source264_flv.flv in Resources */,
				50B1F4A7289CC62D0074E02D /* pl_maxVolume.png in Resources */,
				50B1F4B2289CC62D0074E02D /* urls.json in Resources */,
				50B1F4A9289CC62D0074E02D /* pl_mirror.png in Resources */,
				50B1F4A5289CC62D0074E02D /* pl_play.png in Resources */,
			);
			runOnlyForDeploymentPostprocessing = 0;
		};
/* End PBXResourcesBuildPhase section */

/* Begin PBXShellScriptBuildPhase section */
		BCE00659F2CD2729AB902DE7 /* [CP] Check Pods Manifest.lock */ = {
			isa = PBXShellScriptBuildPhase;
			buildActionMask = 2147483647;
			files = (
			);
			inputFileListPaths = (
			);
			inputPaths = (
				"${PODS_PODFILE_DIR_PATH}/Podfile.lock",
				"${PODS_ROOT}/Manifest.lock",
			);
			name = "[CP] Check Pods Manifest.lock";
			outputFileListPaths = (
			);
			outputPaths = (
				"$(DERIVED_FILE_DIR)/Pods-qplayer2demo-checkManifestLockResult.txt",
			);
			runOnlyForDeploymentPostprocessing = 0;
			shellPath = /bin/sh;
			shellScript = "diff \"${PODS_PODFILE_DIR_PATH}/Podfile.lock\" \"${PODS_ROOT}/Manifest.lock\" > /dev/null\nif [ $? != 0 ] ; then\n    # print error to STDERR\n    echo \"error: The sandbox is not in sync with the Podfile.lock. Run 'pod install' or update your CocoaPods installation.\" >&2\n    exit 1\nfi\n# This output is used by Xcode 'outputs' to avoid re-running this script phase.\necho \"SUCCESS\" > \"${SCRIPT_OUTPUT_FILE_0}\"\n";
			showEnvVarsInLog = 0;
		};
/* End PBXShellScriptBuildPhase section */

/* Begin PBXSourcesBuildPhase section */
		CA90B80B289A7AF60087543B /* Sources */ = {
			isa = PBXSourcesBuildPhase;
			buildActionMask = 2147483647;
			files = (
				50B1F498289CC62D0074E02D /* QNPlayerViewController.m in Sources */,
				50B1F495289CC62D0074E02D /* PLCellPlayerTableViewCell.m in Sources */,
				50B1F48F289CC62D0074E02D /* QNURLListTableViewCell.m in Sources */,
				50B1F49D289CC62D0074E02D /* QNHeadsetNotification.m in Sources */,
				50B1F487289CC62D0074E02D /* QNConfigSegTableViewCell.m in Sources */,
				50B1F4A0289CC62D0074E02D /* QNScanViewController.m in Sources */,
				50B1F492289CC62D0074E02D /* ShowMassageView.m in Sources */,
				50B1F499289CC62D0074E02D /* QNPlayerMaskView.m in Sources */,
				50B1F48A289CC62D0074E02D /* QNChangePlayerView.m in Sources */,
				50B1F489289CC62D0074E02D /* QNPlayerSettingsView.m in Sources */,
				50B1F484289CC62D0074E02D /* QNPlayerModel.m in Sources */,
				50B1F48E289CC62D0074E02D /* QNClassModel.m in Sources */,
				50B1F48D289CC62D0074E02D /* QNPlayerConfigViewController.m in Sources */,
				50B1F491289CC62D0074E02D /* QNToastView.m in Sources */,
				50B1F49F289CC62D0074E02D /* PLCellPlayerViewController.m in Sources */,
				50B1F49C289CC62D0074E02D /* QNButtonView.m in Sources */,
				50B1F49B289CC62D0074E02D /* QNSoundSliderView.m in Sources */,
				50B1F48B289CC62D0074E02D /* QNSpeedPlayerView.m in Sources */,
				50B1F493289CC62D0074E02D /* QNInfoHeaderView.m in Sources */,
				50B1F488289CC62D0074E02D /* QNConfigInputTableViewCell.m in Sources */,
				50B1F49A289CC62D0074E02D /* QNPlayerShortVideoMaskView.m in Sources */,
				50B1F4C5289CC62D0074E02D /* QNHomeViewController.m in Sources */,
				50B1F490289CC62D0074E02D /* QNAppDelegate.m in Sources */,
				50B1F49E289CC62D0074E02D /* main.m in Sources */,
				50B1F48C289CC62D0074E02D /* QDataHandle.m in Sources */,
			);
			runOnlyForDeploymentPostprocessing = 0;
		};
/* End PBXSourcesBuildPhase section */

/* Begin PBXVariantGroup section */
		50B1F443289CC62D0074E02D /* LaunchScreen.storyboard */ = {
			isa = PBXVariantGroup;
			children = (
				50B1F444289CC62D0074E02D /* Base */,
			);
			name = LaunchScreen.storyboard;
			sourceTree = "<group>";
		};
		50B1F445289CC62D0074E02D /* Main.storyboard */ = {
			isa = PBXVariantGroup;
			children = (
				50B1F446289CC62D0074E02D /* Base */,
			);
			name = Main.storyboard;
			sourceTree = "<group>";
		};
/* End PBXVariantGroup section */

/* Begin XCBuildConfiguration section */
		CA90B826289A7AF80087543B /* Debug */ = {
			isa = XCBuildConfiguration;
			buildSettings = {
				ALWAYS_SEARCH_USER_PATHS = NO;
				CLANG_ANALYZER_NONNULL = YES;
				CLANG_ANALYZER_NUMBER_OBJECT_CONVERSION = YES_AGGRESSIVE;
				CLANG_CXX_LANGUAGE_STANDARD = "gnu++17";
				CLANG_ENABLE_MODULES = YES;
				CLANG_ENABLE_OBJC_ARC = YES;
				CLANG_ENABLE_OBJC_WEAK = YES;
				CLANG_WARN_BLOCK_CAPTURE_AUTORELEASING = YES;
				CLANG_WARN_BOOL_CONVERSION = YES;
				CLANG_WARN_COMMA = YES;
				CLANG_WARN_CONSTANT_CONVERSION = YES;
				CLANG_WARN_DEPRECATED_OBJC_IMPLEMENTATIONS = YES;
				CLANG_WARN_DIRECT_OBJC_ISA_USAGE = YES_ERROR;
				CLANG_WARN_DOCUMENTATION_COMMENTS = YES;
				CLANG_WARN_EMPTY_BODY = YES;
				CLANG_WARN_ENUM_CONVERSION = YES;
				CLANG_WARN_INFINITE_RECURSION = YES;
				CLANG_WARN_INT_CONVERSION = YES;
				CLANG_WARN_NON_LITERAL_NULL_CONVERSION = YES;
				CLANG_WARN_OBJC_IMPLICIT_RETAIN_SELF = YES;
				CLANG_WARN_OBJC_LITERAL_CONVERSION = YES;
				CLANG_WARN_OBJC_ROOT_CLASS = YES_ERROR;
				CLANG_WARN_QUOTED_INCLUDE_IN_FRAMEWORK_HEADER = YES;
				CLANG_WARN_RANGE_LOOP_ANALYSIS = YES;
				CLANG_WARN_STRICT_PROTOTYPES = YES;
				CLANG_WARN_SUSPICIOUS_MOVE = YES;
				CLANG_WARN_UNGUARDED_AVAILABILITY = YES_AGGRESSIVE;
				CLANG_WARN_UNREACHABLE_CODE = YES;
				CLANG_WARN__DUPLICATE_METHOD_MATCH = YES;
				COPY_PHASE_STRIP = NO;
				DEBUG_INFORMATION_FORMAT = dwarf;
				ENABLE_STRICT_OBJC_MSGSEND = YES;
				ENABLE_TESTABILITY = YES;
				GCC_C_LANGUAGE_STANDARD = gnu11;
				GCC_DYNAMIC_NO_PIC = NO;
				GCC_NO_COMMON_BLOCKS = YES;
				GCC_OPTIMIZATION_LEVEL = 0;
				GCC_PREPROCESSOR_DEFINITIONS = (
					"DEBUG=1",
					"$(inherited)",
				);
				GCC_WARN_64_TO_32_BIT_CONVERSION = YES;
				GCC_WARN_ABOUT_RETURN_TYPE = YES_ERROR;
				GCC_WARN_UNDECLARED_SELECTOR = YES;
				GCC_WARN_UNINITIALIZED_AUTOS = YES_AGGRESSIVE;
				GCC_WARN_UNUSED_FUNCTION = YES;
				GCC_WARN_UNUSED_VARIABLE = YES;
				IPHONEOS_DEPLOYMENT_TARGET = 15.5;
				MTL_ENABLE_DEBUG_INFO = INCLUDE_SOURCE;
				MTL_FAST_MATH = YES;
				ONLY_ACTIVE_ARCH = YES;
				SDKROOT = iphoneos;
			};
			name = Debug;
		};
		CA90B827289A7AF80087543B /* Release */ = {
			isa = XCBuildConfiguration;
			buildSettings = {
				ALWAYS_SEARCH_USER_PATHS = NO;
				CLANG_ANALYZER_NONNULL = YES;
				CLANG_ANALYZER_NUMBER_OBJECT_CONVERSION = YES_AGGRESSIVE;
				CLANG_CXX_LANGUAGE_STANDARD = "gnu++17";
				CLANG_ENABLE_MODULES = YES;
				CLANG_ENABLE_OBJC_ARC = YES;
				CLANG_ENABLE_OBJC_WEAK = YES;
				CLANG_WARN_BLOCK_CAPTURE_AUTORELEASING = YES;
				CLANG_WARN_BOOL_CONVERSION = YES;
				CLANG_WARN_COMMA = YES;
				CLANG_WARN_CONSTANT_CONVERSION = YES;
				CLANG_WARN_DEPRECATED_OBJC_IMPLEMENTATIONS = YES;
				CLANG_WARN_DIRECT_OBJC_ISA_USAGE = YES_ERROR;
				CLANG_WARN_DOCUMENTATION_COMMENTS = YES;
				CLANG_WARN_EMPTY_BODY = YES;
				CLANG_WARN_ENUM_CONVERSION = YES;
				CLANG_WARN_INFINITE_RECURSION = YES;
				CLANG_WARN_INT_CONVERSION = YES;
				CLANG_WARN_NON_LITERAL_NULL_CONVERSION = YES;
				CLANG_WARN_OBJC_IMPLICIT_RETAIN_SELF = YES;
				CLANG_WARN_OBJC_LITERAL_CONVERSION = YES;
				CLANG_WARN_OBJC_ROOT_CLASS = YES_ERROR;
				CLANG_WARN_QUOTED_INCLUDE_IN_FRAMEWORK_HEADER = YES;
				CLANG_WARN_RANGE_LOOP_ANALYSIS = YES;
				CLANG_WARN_STRICT_PROTOTYPES = YES;
				CLANG_WARN_SUSPICIOUS_MOVE = YES;
				CLANG_WARN_UNGUARDED_AVAILABILITY = YES_AGGRESSIVE;
				CLANG_WARN_UNREACHABLE_CODE = YES;
				CLANG_WARN__DUPLICATE_METHOD_MATCH = YES;
				COPY_PHASE_STRIP = NO;
				DEBUG_INFORMATION_FORMAT = "dwarf-with-dsym";
				ENABLE_NS_ASSERTIONS = NO;
				ENABLE_STRICT_OBJC_MSGSEND = YES;
				GCC_C_LANGUAGE_STANDARD = gnu11;
				GCC_NO_COMMON_BLOCKS = YES;
				GCC_WARN_64_TO_32_BIT_CONVERSION = YES;
				GCC_WARN_ABOUT_RETURN_TYPE = YES_ERROR;
				GCC_WARN_UNDECLARED_SELECTOR = YES;
				GCC_WARN_UNINITIALIZED_AUTOS = YES_AGGRESSIVE;
				GCC_WARN_UNUSED_FUNCTION = YES;
				GCC_WARN_UNUSED_VARIABLE = YES;
				IPHONEOS_DEPLOYMENT_TARGET = 15.5;
				MTL_ENABLE_DEBUG_INFO = NO;
				MTL_FAST_MATH = YES;
				SDKROOT = iphoneos;
				VALIDATE_PRODUCT = YES;
			};
			name = Release;
		};
		CA90B829289A7AF80087543B /* Debug */ = {
			isa = XCBuildConfiguration;
			baseConfigurationReference = B2BDA3706EA1C6372228C6C3 /* Pods-qplayer2demo.debug.xcconfig */;
			buildSettings = {
				ASSETCATALOG_COMPILER_APPICON_NAME = AppIcon;
				ASSETCATALOG_COMPILER_GLOBAL_ACCENT_COLOR_NAME = AccentColor;
				CODE_SIGN_STYLE = Automatic;
				CURRENT_PROJECT_VERSION = 1;
				DEVELOPMENT_TEAM = GDFHW66V92;
				ENABLE_BITCODE = NO;
				GCC_PREFIX_HEADER = "$(SRCROOT)/qplayer2demo/QNPublicHeader.h";
				GENERATE_INFOPLIST_FILE = YES;
				INFOPLIST_FILE = qplayer2demo/Info.plist;
				INFOPLIST_KEY_NSCameraUsageDescription = "";
				INFOPLIST_KEY_NSPhotoLibraryAddUsageDescription = "";
				INFOPLIST_KEY_NSPhotoLibraryUsageDescription = "";
				INFOPLIST_KEY_UIApplicationSupportsIndirectInputEvents = YES;
				INFOPLIST_KEY_UILaunchStoryboardName = LaunchScreen;
				INFOPLIST_KEY_UIMainStoryboardFile = Main;
				INFOPLIST_KEY_UIRequiredDeviceCapabilities = armv7;
				INFOPLIST_KEY_UISupportedInterfaceOrientations = UIInterfaceOrientationPortrait;
				INFOPLIST_KEY_UISupportedInterfaceOrientations_iPad = "UIInterfaceOrientationPortrait UIInterfaceOrientationPortraitUpsideDown UIInterfaceOrientationLandscapeLeft UIInterfaceOrientationLandscapeRight";
				INFOPLIST_KEY_UISupportedInterfaceOrientations_iPhone = "UIInterfaceOrientationPortrait UIInterfaceOrientationLandscapeLeft UIInterfaceOrientationLandscapeRight";
				IPHONEOS_DEPLOYMENT_TARGET = 10.0;
				LD_RUNPATH_SEARCH_PATHS = (
					"$(inherited)",
					"@executable_path/Frameworks",
				);
				MARKETING_VERSION = 1.0;
				PODS_PODFILE_DIR_PATH = "${SRCROOT}/.";
				PODS_ROOT = "${SRCROOT}/Pods";
				PRODUCT_BUNDLE_IDENTIFIER = com.qiniu.qplayer2;
				PRODUCT_NAME = "$(TARGET_NAME)";
				SWIFT_EMIT_LOC_STRINGS = YES;
				TARGETED_DEVICE_FAMILY = "1,2";
			};
			name = Debug;
		};
		CA90B82A289A7AF80087543B /* Release */ = {
			isa = XCBuildConfiguration;
			baseConfigurationReference = 4211E9CF8D034B873A1A0811 /* Pods-qplayer2demo.release.xcconfig */;
			buildSettings = {
				ASSETCATALOG_COMPILER_APPICON_NAME = AppIcon;
				ASSETCATALOG_COMPILER_GLOBAL_ACCENT_COLOR_NAME = AccentColor;
				CODE_SIGN_STYLE = Automatic;
				CURRENT_PROJECT_VERSION = 1;
				DEVELOPMENT_TEAM = GDFHW66V92;
				ENABLE_BITCODE = NO;
				GCC_PREFIX_HEADER = "$(SRCROOT)/qplayer2demo/QNPublicHeader.h";
				GENERATE_INFOPLIST_FILE = YES;
				INFOPLIST_FILE = qplayer2demo/Info.plist;
				INFOPLIST_KEY_NSCameraUsageDescription = "";
				INFOPLIST_KEY_NSPhotoLibraryAddUsageDescription = "";
				INFOPLIST_KEY_NSPhotoLibraryUsageDescription = "";
				INFOPLIST_KEY_UIApplicationSupportsIndirectInputEvents = YES;
				INFOPLIST_KEY_UILaunchStoryboardName = LaunchScreen;
				INFOPLIST_KEY_UIMainStoryboardFile = Main;
				INFOPLIST_KEY_UIRequiredDeviceCapabilities = armv7;
				INFOPLIST_KEY_UISupportedInterfaceOrientations = UIInterfaceOrientationPortrait;
				INFOPLIST_KEY_UISupportedInterfaceOrientations_iPad = "UIInterfaceOrientationPortrait UIInterfaceOrientationPortraitUpsideDown UIInterfaceOrientationLandscapeLeft UIInterfaceOrientationLandscapeRight";
				INFOPLIST_KEY_UISupportedInterfaceOrientations_iPhone = "UIInterfaceOrientationPortrait UIInterfaceOrientationLandscapeLeft UIInterfaceOrientationLandscapeRight";
				IPHONEOS_DEPLOYMENT_TARGET = 10.0;
				LD_RUNPATH_SEARCH_PATHS = (
					"$(inherited)",
					"@executable_path/Frameworks",
				);
				MARKETING_VERSION = 1.0;
				PODS_PODFILE_DIR_PATH = "${SRCROOT}/.";
				PODS_ROOT = "${SRCROOT}/Pods";
				PRODUCT_BUNDLE_IDENTIFIER = com.qiniu.qplayer2;
				PRODUCT_NAME = "$(TARGET_NAME)";
				SWIFT_EMIT_LOC_STRINGS = YES;
				TARGETED_DEVICE_FAMILY = "1,2";
			};
			name = Release;
		};
/* End XCBuildConfiguration section */

/* Begin XCConfigurationList section */
		CA90B80A289A7AF60087543B /* Build configuration list for PBXProject "qplayer2demo" */ = {
			isa = XCConfigurationList;
			buildConfigurations = (
				CA90B826289A7AF80087543B /* Debug */,
				CA90B827289A7AF80087543B /* Release */,
			);
			defaultConfigurationIsVisible = 0;
			defaultConfigurationName = Release;
		};
		CA90B828289A7AF80087543B /* Build configuration list for PBXNativeTarget "qplayer2demo" */ = {
			isa = XCConfigurationList;
			buildConfigurations = (
				CA90B829289A7AF80087543B /* Debug */,
				CA90B82A289A7AF80087543B /* Release */,
			);
			defaultConfigurationIsVisible = 0;
			defaultConfigurationName = Release;
		};
/* End XCConfigurationList section */
	};
	rootObject = CA90B807289A7AF60087543B /* Project object */;
}
