// !$*UTF8*$!
{
	archiveVersion = 1;
	classes = {
	};
	objectVersion = 55;
	objects = {

/* Begin PBXBuildFile section */
		CA90B81D289A7AF60087543B /* Main.storyboard in Resources */ = {isa = PBXBuildFile; fileRef = CA90B81B289A7AF60087543B /* Main.storyboard */; };
		CA90B81F289A7AF80087543B /* Assets.xcassets in Resources */ = {isa = PBXBuildFile; fileRef = CA90B81E289A7AF80087543B /* Assets.xcassets */; };
		CA90B822289A7AF80087543B /* LaunchScreen.storyboard in Resources */ = {isa = PBXBuildFile; fileRef = CA90B820289A7AF80087543B /* LaunchScreen.storyboard */; };
		CA90B825289A7AF80087543B /* main.m in Sources */ = {isa = PBXBuildFile; fileRef = CA90B824289A7AF80087543B /* main.m */; };
		CA90B83A289A7B6D0087543B /* QNURLListTableViewCell.m in Sources */ = {isa = PBXBuildFile; fileRef = CA90B82B289A7B6D0087543B /* QNURLListTableViewCell.m */; };
		CA90B83B289A7B6D0087543B /* PLCellPlayerViewController.m in Sources */ = {isa = PBXBuildFile; fileRef = CA90B82F289A7B6D0087543B /* PLCellPlayerViewController.m */; };
		CA90B83C289A7B6E0087543B /* QNHomeViewController.m in Sources */ = {isa = PBXBuildFile; fileRef = CA90B830289A7B6D0087543B /* QNHomeViewController.m */; };
		CA90B83D289A7B6E0087543B /* QNPlayerViewController.m in Sources */ = {isa = PBXBuildFile; fileRef = CA90B832289A7B6D0087543B /* QNPlayerViewController.m */; };
		CA90B83E289A7B6E0087543B /* QNAppDelegate.m in Sources */ = {isa = PBXBuildFile; fileRef = CA90B835289A7B6D0087543B /* QNAppDelegate.m */; };
		CA90B83F289A7B6E0087543B /* PLCellPlayerTableViewCell.m in Sources */ = {isa = PBXBuildFile; fileRef = CA90B836289A7B6D0087543B /* PLCellPlayerTableViewCell.m */; };
		CA90B840289A7B6E0087543B /* QNInfoHeaderView.m in Sources */ = {isa = PBXBuildFile; fileRef = CA90B837289A7B6D0087543B /* QNInfoHeaderView.m */; };
		CA90B847289A7C1C0087543B /* QNScanViewController.m in Sources */ = {isa = PBXBuildFile; fileRef = CA90B845289A7C1C0087543B /* QNScanViewController.m */; };
		CA90B84C289A7C530087543B /* lite_urls.json in Resources */ = {isa = PBXBuildFile; fileRef = CA90B848289A7C530087543B /* lite_urls.json */; };
		CA90B84D289A7C530087543B /* urls.json in Resources */ = {isa = PBXBuildFile; fileRef = CA90B849289A7C530087543B /* urls.json */; };
		CA90B84E289A7C530087543B /* audiovorbis.ogg in Resources */ = {isa = PBXBuildFile; fileRef = CA90B84A289A7C530087543B /* audiovorbis.ogg */; };
		CA90B84F289A7C530087543B /* gotham.mkv in Resources */ = {isa = PBXBuildFile; fileRef = CA90B84B289A7C530087543B /* gotham.mkv */; };
		CA90B858289A7C9F0087543B /* source264_flv.flv in Resources */ = {isa = PBXBuildFile; fileRef = CA90B853289A7C9F0087543B /* source264_flv.flv */; };
		CA90B859289A7C9F0087543B /* source265_flv.flv in Resources */ = {isa = PBXBuildFile; fileRef = CA90B854289A7C9F0087543B /* source265_flv.flv */; };
		CA90B85A289A7C9F0087543B /* source265_mp4.mp4 in Resources */ = {isa = PBXBuildFile; fileRef = CA90B855289A7C9F0087543B /* source265_mp4.mp4 */; };
		CA90B85B289A7C9F0087543B /* source264_mp4.mp4 in Resources */ = {isa = PBXBuildFile; fileRef = CA90B856289A7C9F0087543B /* source264_mp4.mp4 */; };
		CA90B85C289A7C9F0087543B /* source_aac.aac in Resources */ = {isa = PBXBuildFile; fileRef = CA90B857289A7C9F0087543B /* source_aac.aac */; };
		CA90B85F289A7CD50087543B /* QNPlayerMaskView.m in Sources */ = {isa = PBXBuildFile; fileRef = CA90B85D289A7CD50087543B /* QNPlayerMaskView.m */; };
		CA90B870289A7CF50087543B /* QNConfigInputTableViewCell.m in Sources */ = {isa = PBXBuildFile; fileRef = CA90B861289A7CF40087543B /* QNConfigInputTableViewCell.m */; };
		CA90B871289A7CF50087543B /* QDataHandle.m in Sources */ = {isa = PBXBuildFile; fileRef = CA90B862289A7CF40087543B /* QDataHandle.m */; };
		CA90B872289A7CF50087543B /* QNOptionListView.m in Sources */ = {isa = PBXBuildFile; fileRef = CA90B863289A7CF40087543B /* QNOptionListView.m */; };
		CA90B873289A7CF50087543B /* QNPlayerConfigViewController.m in Sources */ = {isa = PBXBuildFile; fileRef = CA90B865289A7CF40087543B /* QNPlayerConfigViewController.m */; };
		CA90B874289A7CF50087543B /* QNClassModel.m in Sources */ = {isa = PBXBuildFile; fileRef = CA90B86A289A7CF50087543B /* QNClassModel.m */; };
		CA90B875289A7CF50087543B /* QNConfigListTableViewCell.m in Sources */ = {isa = PBXBuildFile; fileRef = CA90B86B289A7CF50087543B /* QNConfigListTableViewCell.m */; };
		CA90B876289A7CF50087543B /* QNConfigSegTableViewCell.m in Sources */ = {isa = PBXBuildFile; fileRef = CA90B86C289A7CF50087543B /* QNConfigSegTableViewCell.m */; };
		CA90B877289A7CF50087543B /* QNPlayerModel.m in Sources */ = {isa = PBXBuildFile; fileRef = CA90B86E289A7CF50087543B /* QNPlayerModel.m */; };
		CA90B881289A7D0D0087543B /* QNPlayerSettingsView.m in Sources */ = {isa = PBXBuildFile; fileRef = CA90B87B289A7D0D0087543B /* QNPlayerSettingsView.m */; };
		CA90B882289A7D0D0087543B /* QNChangePlayerView.m in Sources */ = {isa = PBXBuildFile; fileRef = CA90B87C289A7D0D0087543B /* QNChangePlayerView.m */; };
		CA90B883289A7D0D0087543B /* QNSpeedPlayerView.m in Sources */ = {isa = PBXBuildFile; fileRef = CA90B87D289A7D0D0087543B /* QNSpeedPlayerView.m */; };
/* End PBXBuildFile section */

/* Begin PBXContainerItemProxy section */
		CA90B8BA289B616F0087543B /* PBXContainerItemProxy */ = {
			isa = PBXContainerItemProxy;
			containerPortal = CA90B8B6289B616F0087543B /* qplayer2-core.xcodeproj */;
			proxyType = 2;
			remoteGlobalIDString = CA43018B289A5D6B002FE55B;
			remoteInfo = "qplayer2-core";
		};
		CA90B8C6289B62470087543B /* PBXContainerItemProxy */ = {
			isa = PBXContainerItemProxy;
			containerPortal = CA90B8C2289B62460087543B /* qplayer2-ext.xcodeproj */;
			proxyType = 2;
			remoteGlobalIDString = CA4301A1289A5DD8002FE55B;
			remoteInfo = "qplayer2-ext";
		};
/* End PBXContainerItemProxy section */

/* Begin PBXFileReference section */
		CA90B80F289A7AF60087543B /* qplayer2demo.app */ = {isa = PBXFileReference; explicitFileType = wrapper.application; includeInIndex = 0; path = qplayer2demo.app; sourceTree = BUILT_PRODUCTS_DIR; };
		CA90B81C289A7AF60087543B /* Base */ = {isa = PBXFileReference; lastKnownFileType = file.storyboard; name = Base; path = Base.lproj/Main.storyboard; sourceTree = "<group>"; };
		CA90B81E289A7AF80087543B /* Assets.xcassets */ = {isa = PBXFileReference; lastKnownFileType = folder.assetcatalog; path = Assets.xcassets; sourceTree = "<group>"; };
		CA90B821289A7AF80087543B /* Base */ = {isa = PBXFileReference; lastKnownFileType = file.storyboard; name = Base; path = Base.lproj/LaunchScreen.storyboard; sourceTree = "<group>"; };
		CA90B823289A7AF80087543B /* Info.plist */ = {isa = PBXFileReference; lastKnownFileType = text.plist.xml; path = Info.plist; sourceTree = "<group>"; };
		CA90B824289A7AF80087543B /* main.m */ = {isa = PBXFileReference; lastKnownFileType = sourcecode.c.objc; path = main.m; sourceTree = "<group>"; };
		CA90B82B289A7B6D0087543B /* QNURLListTableViewCell.m */ = {isa = PBXFileReference; fileEncoding = 4; lastKnownFileType = sourcecode.c.objc; path = QNURLListTableViewCell.m; sourceTree = "<group>"; };
		CA90B82C289A7B6D0087543B /* QNPlayerViewController.h */ = {isa = PBXFileReference; fileEncoding = 4; lastKnownFileType = sourcecode.c.h; path = QNPlayerViewController.h; sourceTree = "<group>"; };
		CA90B82D289A7B6D0087543B /* QNHomeViewController.h */ = {isa = PBXFileReference; fileEncoding = 4; lastKnownFileType = sourcecode.c.h; path = QNHomeViewController.h; sourceTree = "<group>"; };
		CA90B82E289A7B6D0087543B /* QNAppDelegate.h */ = {isa = PBXFileReference; fileEncoding = 4; lastKnownFileType = sourcecode.c.h; path = QNAppDelegate.h; sourceTree = "<group>"; };
		CA90B82F289A7B6D0087543B /* PLCellPlayerViewController.m */ = {isa = PBXFileReference; fileEncoding = 4; lastKnownFileType = sourcecode.c.objc; path = PLCellPlayerViewController.m; sourceTree = "<group>"; };
		CA90B830289A7B6D0087543B /* QNHomeViewController.m */ = {isa = PBXFileReference; fileEncoding = 4; lastKnownFileType = sourcecode.c.objc; path = QNHomeViewController.m; sourceTree = "<group>"; };
		CA90B831289A7B6D0087543B /* QNInfoHeaderView.h */ = {isa = PBXFileReference; fileEncoding = 4; lastKnownFileType = sourcecode.c.h; path = QNInfoHeaderView.h; sourceTree = "<group>"; };
		CA90B832289A7B6D0087543B /* QNPlayerViewController.m */ = {isa = PBXFileReference; fileEncoding = 4; lastKnownFileType = sourcecode.c.objc; path = QNPlayerViewController.m; sourceTree = "<group>"; };
		CA90B833289A7B6D0087543B /* PLCellPlayerTableViewCell.h */ = {isa = PBXFileReference; fileEncoding = 4; lastKnownFileType = sourcecode.c.h; path = PLCellPlayerTableViewCell.h; sourceTree = "<group>"; };
		CA90B834289A7B6D0087543B /* QNURLListTableViewCell.h */ = {isa = PBXFileReference; fileEncoding = 4; lastKnownFileType = sourcecode.c.h; path = QNURLListTableViewCell.h; sourceTree = "<group>"; };
		CA90B835289A7B6D0087543B /* QNAppDelegate.m */ = {isa = PBXFileReference; fileEncoding = 4; lastKnownFileType = sourcecode.c.objc; path = QNAppDelegate.m; sourceTree = "<group>"; };
		CA90B836289A7B6D0087543B /* PLCellPlayerTableViewCell.m */ = {isa = PBXFileReference; fileEncoding = 4; lastKnownFileType = sourcecode.c.objc; path = PLCellPlayerTableViewCell.m; sourceTree = "<group>"; };
		CA90B837289A7B6D0087543B /* QNInfoHeaderView.m */ = {isa = PBXFileReference; fileEncoding = 4; lastKnownFileType = sourcecode.c.objc; path = QNInfoHeaderView.m; sourceTree = "<group>"; };
		CA90B838289A7B6D0087543B /* QNPublicHeader.h */ = {isa = PBXFileReference; fileEncoding = 4; lastKnownFileType = sourcecode.c.h; path = QNPublicHeader.h; sourceTree = "<group>"; };
		CA90B839289A7B6D0087543B /* PLCellPlayerViewController.h */ = {isa = PBXFileReference; fileEncoding = 4; lastKnownFileType = sourcecode.c.h; path = PLCellPlayerViewController.h; sourceTree = "<group>"; };
		CA90B845289A7C1C0087543B /* QNScanViewController.m */ = {isa = PBXFileReference; fileEncoding = 4; lastKnownFileType = sourcecode.c.objc; path = QNScanViewController.m; sourceTree = "<group>"; };
		CA90B846289A7C1C0087543B /* QNScanViewController.h */ = {isa = PBXFileReference; fileEncoding = 4; lastKnownFileType = sourcecode.c.h; path = QNScanViewController.h; sourceTree = "<group>"; };
		CA90B848289A7C530087543B /* lite_urls.json */ = {isa = PBXFileReference; fileEncoding = 4; lastKnownFileType = text.json; path = lite_urls.json; sourceTree = "<group>"; };
		CA90B849289A7C530087543B /* urls.json */ = {isa = PBXFileReference; fileEncoding = 4; lastKnownFileType = text.json; path = urls.json; sourceTree = "<group>"; };
		CA90B84A289A7C530087543B /* audiovorbis.ogg */ = {isa = PBXFileReference; lastKnownFileType = file; path = audiovorbis.ogg; sourceTree = "<group>"; };
		CA90B84B289A7C530087543B /* gotham.mkv */ = {isa = PBXFileReference; lastKnownFileType = file; path = gotham.mkv; sourceTree = "<group>"; };
		CA90B853289A7C9F0087543B /* source264_flv.flv */ = {isa = PBXFileReference; lastKnownFileType = file; path = source264_flv.flv; sourceTree = "<group>"; };
		CA90B854289A7C9F0087543B /* source265_flv.flv */ = {isa = PBXFileReference; lastKnownFileType = file; path = source265_flv.flv; sourceTree = "<group>"; };
		CA90B855289A7C9F0087543B /* source265_mp4.mp4 */ = {isa = PBXFileReference; lastKnownFileType = file; path = source265_mp4.mp4; sourceTree = "<group>"; };
		CA90B856289A7C9F0087543B /* source264_mp4.mp4 */ = {isa = PBXFileReference; lastKnownFileType = file; path = source264_mp4.mp4; sourceTree = "<group>"; };
		CA90B857289A7C9F0087543B /* source_aac.aac */ = {isa = PBXFileReference; lastKnownFileType = file; path = source_aac.aac; sourceTree = "<group>"; };
		CA90B85D289A7CD50087543B /* QNPlayerMaskView.m */ = {isa = PBXFileReference; fileEncoding = 4; lastKnownFileType = sourcecode.c.objc; path = QNPlayerMaskView.m; sourceTree = "<group>"; };
		CA90B85E289A7CD50087543B /* QNPlayerMaskView.h */ = {isa = PBXFileReference; fileEncoding = 4; lastKnownFileType = sourcecode.c.h; path = QNPlayerMaskView.h; sourceTree = "<group>"; };
		CA90B860289A7CF40087543B /* QNClassModel.h */ = {isa = PBXFileReference; fileEncoding = 4; lastKnownFileType = sourcecode.c.h; path = QNClassModel.h; sourceTree = "<group>"; };
		CA90B861289A7CF40087543B /* QNConfigInputTableViewCell.m */ = {isa = PBXFileReference; fileEncoding = 4; lastKnownFileType = sourcecode.c.objc; path = QNConfigInputTableViewCell.m; sourceTree = "<group>"; };
		CA90B862289A7CF40087543B /* QDataHandle.m */ = {isa = PBXFileReference; fileEncoding = 4; lastKnownFileType = sourcecode.c.objc; path = QDataHandle.m; sourceTree = "<group>"; };
		CA90B863289A7CF40087543B /* QNOptionListView.m */ = {isa = PBXFileReference; fileEncoding = 4; lastKnownFileType = sourcecode.c.objc; path = QNOptionListView.m; sourceTree = "<group>"; };
		CA90B864289A7CF40087543B /* QNConfigListTableViewCell.h */ = {isa = PBXFileReference; fileEncoding = 4; lastKnownFileType = sourcecode.c.h; path = QNConfigListTableViewCell.h; sourceTree = "<group>"; };
		CA90B865289A7CF40087543B /* QNPlayerConfigViewController.m */ = {isa = PBXFileReference; fileEncoding = 4; lastKnownFileType = sourcecode.c.objc; path = QNPlayerConfigViewController.m; sourceTree = "<group>"; };
		CA90B866289A7CF40087543B /* QNPlayerModel.h */ = {isa = PBXFileReference; fileEncoding = 4; lastKnownFileType = sourcecode.c.h; path = QNPlayerModel.h; sourceTree = "<group>"; };
		CA90B867289A7CF40087543B /* QNOptionListView.h */ = {isa = PBXFileReference; fileEncoding = 4; lastKnownFileType = sourcecode.c.h; path = QNOptionListView.h; sourceTree = "<group>"; };
		CA90B868289A7CF40087543B /* QNPlayerConfigViewController.h */ = {isa = PBXFileReference; fileEncoding = 4; lastKnownFileType = sourcecode.c.h; path = QNPlayerConfigViewController.h; sourceTree = "<group>"; };
		CA90B869289A7CF40087543B /* QNConfigSegTableViewCell.h */ = {isa = PBXFileReference; fileEncoding = 4; lastKnownFileType = sourcecode.c.h; path = QNConfigSegTableViewCell.h; sourceTree = "<group>"; };
		CA90B86A289A7CF50087543B /* QNClassModel.m */ = {isa = PBXFileReference; fileEncoding = 4; lastKnownFileType = sourcecode.c.objc; path = QNClassModel.m; sourceTree = "<group>"; };
		CA90B86B289A7CF50087543B /* QNConfigListTableViewCell.m */ = {isa = PBXFileReference; fileEncoding = 4; lastKnownFileType = sourcecode.c.objc; path = QNConfigListTableViewCell.m; sourceTree = "<group>"; };
		CA90B86C289A7CF50087543B /* QNConfigSegTableViewCell.m */ = {isa = PBXFileReference; fileEncoding = 4; lastKnownFileType = sourcecode.c.objc; path = QNConfigSegTableViewCell.m; sourceTree = "<group>"; };
		CA90B86D289A7CF50087543B /* QDataHandle.h */ = {isa = PBXFileReference; fileEncoding = 4; lastKnownFileType = sourcecode.c.h; path = QDataHandle.h; sourceTree = "<group>"; };
		CA90B86E289A7CF50087543B /* QNPlayerModel.m */ = {isa = PBXFileReference; fileEncoding = 4; lastKnownFileType = sourcecode.c.objc; path = QNPlayerModel.m; sourceTree = "<group>"; };
		CA90B86F289A7CF50087543B /* QNConfigInputTableViewCell.h */ = {isa = PBXFileReference; fileEncoding = 4; lastKnownFileType = sourcecode.c.h; path = QNConfigInputTableViewCell.h; sourceTree = "<group>"; };
		CA90B87B289A7D0D0087543B /* QNPlayerSettingsView.m */ = {isa = PBXFileReference; fileEncoding = 4; lastKnownFileType = sourcecode.c.objc; path = QNPlayerSettingsView.m; sourceTree = "<group>"; };
		CA90B87C289A7D0D0087543B /* QNChangePlayerView.m */ = {isa = PBXFileReference; fileEncoding = 4; lastKnownFileType = sourcecode.c.objc; path = QNChangePlayerView.m; sourceTree = "<group>"; };
		CA90B87D289A7D0D0087543B /* QNSpeedPlayerView.m */ = {isa = PBXFileReference; fileEncoding = 4; lastKnownFileType = sourcecode.c.objc; path = QNSpeedPlayerView.m; sourceTree = "<group>"; };
		CA90B87E289A7D0D0087543B /* QNChangePlayerView.h */ = {isa = PBXFileReference; fileEncoding = 4; lastKnownFileType = sourcecode.c.h; path = QNChangePlayerView.h; sourceTree = "<group>"; };
		CA90B87F289A7D0D0087543B /* QNPlayerSettingsView.h */ = {isa = PBXFileReference; fileEncoding = 4; lastKnownFileType = sourcecode.c.h; path = QNPlayerSettingsView.h; sourceTree = "<group>"; };
		CA90B880289A7D0D0087543B /* QNSpeedPlayerView.h */ = {isa = PBXFileReference; fileEncoding = 4; lastKnownFileType = sourcecode.c.h; path = QNSpeedPlayerView.h; sourceTree = "<group>"; };
		CA90B8B6289B616F0087543B /* qplayer2-core.xcodeproj */ = {isa = PBXFileReference; lastKnownFileType = "wrapper.pb-project"; name = "qplayer2-core.xcodeproj"; path = "../../../qplayer2-core/platform/ios/qplayer2-core/qplayer2-core.xcodeproj"; sourceTree = "<group>"; };
		CA90B8C2289B62460087543B /* qplayer2-ext.xcodeproj */ = {isa = PBXFileReference; lastKnownFileType = "wrapper.pb-project"; name = "qplayer2-ext.xcodeproj"; path = "../../../qplayer2-core/platform/ios/qplayer2-ext/qplayer2-ext.xcodeproj"; sourceTree = "<group>"; };
/* End PBXFileReference section */

/* Begin PBXFrameworksBuildPhase section */
		CA90B80C289A7AF60087543B /* Frameworks */ = {
			isa = PBXFrameworksBuildPhase;
			buildActionMask = 2147483647;
			files = (
			);
			runOnlyForDeploymentPostprocessing = 0;
		};
/* End PBXFrameworksBuildPhase section */

/* Begin PBXGroup section */
		CA90B806289A7AF60087543B = {
			isa = PBXGroup;
			children = (
				CA90B8C2289B62460087543B /* qplayer2-ext.xcodeproj */,
				CA90B8B6289B616F0087543B /* qplayer2-core.xcodeproj */,
				CA90B811289A7AF60087543B /* qplayer2demo */,
				CA90B810289A7AF60087543B /* Products */,
				CA90BF8B289B846C0087543B /* Frameworks */,
			);
			sourceTree = "<group>";
		};
		CA90B810289A7AF60087543B /* Products */ = {
			isa = PBXGroup;
			children = (
				CA90B80F289A7AF60087543B /* qplayer2demo.app */,
			);
			name = Products;
			sourceTree = "<group>";
		};
		CA90B811289A7AF60087543B /* qplayer2demo */ = {
			isa = PBXGroup;
			children = (
				CA90B844289A7BB50087543B /* PlayerSettings */,
				CA90B843289A7BA90087543B /* Public */,
				CA90B842289A7BA00087543B /* Resource */,
				CA90B841289A7B7B0087543B /* scanCode */,
				CA90B833289A7B6D0087543B /* PLCellPlayerTableViewCell.h */,
				CA90B836289A7B6D0087543B /* PLCellPlayerTableViewCell.m */,
				CA90B839289A7B6D0087543B /* PLCellPlayerViewController.h */,
				CA90B82F289A7B6D0087543B /* PLCellPlayerViewController.m */,
				CA90B82E289A7B6D0087543B /* QNAppDelegate.h */,
				CA90B835289A7B6D0087543B /* QNAppDelegate.m */,
				CA90B82D289A7B6D0087543B /* QNHomeViewController.h */,
				CA90B830289A7B6D0087543B /* QNHomeViewController.m */,
				CA90B831289A7B6D0087543B /* QNInfoHeaderView.h */,
				CA90B837289A7B6D0087543B /* QNInfoHeaderView.m */,
				CA90B82C289A7B6D0087543B /* QNPlayerViewController.h */,
				CA90B832289A7B6D0087543B /* QNPlayerViewController.m */,
				CA90B838289A7B6D0087543B /* QNPublicHeader.h */,
				CA90B834289A7B6D0087543B /* QNURLListTableViewCell.h */,
				CA90B82B289A7B6D0087543B /* QNURLListTableViewCell.m */,
				CA90B81B289A7AF60087543B /* Main.storyboard */,
				CA90B81E289A7AF80087543B /* Assets.xcassets */,
				CA90B820289A7AF80087543B /* LaunchScreen.storyboard */,
				CA90B823289A7AF80087543B /* Info.plist */,
				CA90B824289A7AF80087543B /* main.m */,
			);
			path = qplayer2demo;
			sourceTree = "<group>";
		};
		CA90B841289A7B7B0087543B /* scanCode */ = {
			isa = PBXGroup;
			children = (
				CA90B846289A7C1C0087543B /* QNScanViewController.h */,
				CA90B845289A7C1C0087543B /* QNScanViewController.m */,
			);
			path = scanCode;
			sourceTree = "<group>";
		};
		CA90B842289A7BA00087543B /* Resource */ = {
			isa = PBXGroup;
			children = (
				CA90B852289A7C9F0087543B /* testSrc */,
				CA90B84A289A7C530087543B /* audiovorbis.ogg */,
				CA90B84B289A7C530087543B /* gotham.mkv */,
				CA90B848289A7C530087543B /* lite_urls.json */,
				CA90B849289A7C530087543B /* urls.json */,
			);
			path = Resource;
			sourceTree = "<group>";
		};
		CA90B843289A7BA90087543B /* Public */ = {
			isa = PBXGroup;
			children = (
				CA90B85E289A7CD50087543B /* QNPlayerMaskView.h */,
				CA90B85D289A7CD50087543B /* QNPlayerMaskView.m */,
			);
			path = Public;
			sourceTree = "<group>";
		};
		CA90B844289A7BB50087543B /* PlayerSettings */ = {
			isa = PBXGroup;
			children = (
				CA90B87A289A7D0D0087543B /* view */,
				CA90B86D289A7CF50087543B /* QDataHandle.h */,
				CA90B862289A7CF40087543B /* QDataHandle.m */,
				CA90B860289A7CF40087543B /* QNClassModel.h */,
				CA90B86A289A7CF50087543B /* QNClassModel.m */,
				CA90B86F289A7CF50087543B /* QNConfigInputTableViewCell.h */,
				CA90B861289A7CF40087543B /* QNConfigInputTableViewCell.m */,
				CA90B864289A7CF40087543B /* QNConfigListTableViewCell.h */,
				CA90B86B289A7CF50087543B /* QNConfigListTableViewCell.m */,
				CA90B869289A7CF40087543B /* QNConfigSegTableViewCell.h */,
				CA90B86C289A7CF50087543B /* QNConfigSegTableViewCell.m */,
				CA90B867289A7CF40087543B /* QNOptionListView.h */,
				CA90B863289A7CF40087543B /* QNOptionListView.m */,
				CA90B868289A7CF40087543B /* QNPlayerConfigViewController.h */,
				CA90B865289A7CF40087543B /* QNPlayerConfigViewController.m */,
				CA90B866289A7CF40087543B /* QNPlayerModel.h */,
				CA90B86E289A7CF50087543B /* QNPlayerModel.m */,
			);
			path = PlayerSettings;
			sourceTree = "<group>";
		};
		CA90B852289A7C9F0087543B /* testSrc */ = {
			isa = PBXGroup;
			children = (
				CA90B853289A7C9F0087543B /* source264_flv.flv */,
				CA90B854289A7C9F0087543B /* source265_flv.flv */,
				CA90B855289A7C9F0087543B /* source265_mp4.mp4 */,
				CA90B856289A7C9F0087543B /* source264_mp4.mp4 */,
				CA90B857289A7C9F0087543B /* source_aac.aac */,
			);
			path = testSrc;
			sourceTree = "<group>";
		};
		CA90B87A289A7D0D0087543B /* view */ = {
			isa = PBXGroup;
			children = (
				CA90B87B289A7D0D0087543B /* QNPlayerSettingsView.m */,
				CA90B87C289A7D0D0087543B /* QNChangePlayerView.m */,
				CA90B87D289A7D0D0087543B /* QNSpeedPlayerView.m */,
				CA90B87E289A7D0D0087543B /* QNChangePlayerView.h */,
				CA90B87F289A7D0D0087543B /* QNPlayerSettingsView.h */,
				CA90B880289A7D0D0087543B /* QNSpeedPlayerView.h */,
			);
			path = view;
			sourceTree = "<group>";
		};
		CA90B8B7289B616F0087543B /* Products */ = {
			isa = PBXGroup;
			children = (
				CA90B8BB289B616F0087543B /* qplayer2_core.framework */,
			);
			name = Products;
			sourceTree = "<group>";
		};
		CA90B8C3289B62460087543B /* Products */ = {
			isa = PBXGroup;
			children = (
				CA90B8C7289B62470087543B /* qplayer2_ext.framework */,
			);
			name = Products;
			sourceTree = "<group>";
		};
		CA90BF8B289B846C0087543B /* Frameworks */ = {
			isa = PBXGroup;
			children = (
			);
			name = Frameworks;
			sourceTree = "<group>";
		};
/* End PBXGroup section */

/* Begin PBXNativeTarget section */
		CA90B80E289A7AF60087543B /* qplayer2demo */ = {
			isa = PBXNativeTarget;
			buildConfigurationList = CA90B828289A7AF80087543B /* Build configuration list for PBXNativeTarget "qplayer2demo" */;
			buildPhases = (
				CA90B80B289A7AF60087543B /* Sources */,
				CA90B80C289A7AF60087543B /* Frameworks */,
				CA90B80D289A7AF60087543B /* Resources */,
			);
			buildRules = (
			);
			dependencies = (
			);
			name = qplayer2demo;
			productName = qplayer2demo;
			productReference = CA90B80F289A7AF60087543B /* qplayer2demo.app */;
			productType = "com.apple.product-type.application";
		};
/* End PBXNativeTarget section */

/* Begin PBXProject section */
		CA90B807289A7AF60087543B /* Project object */ = {
			isa = PBXProject;
			attributes = {
				BuildIndependentTargetsInParallel = 1;
				LastUpgradeCheck = 1340;
				TargetAttributes = {
					CA90B80E289A7AF60087543B = {
						CreatedOnToolsVersion = 13.4.1;
					};
				};
			};
			buildConfigurationList = CA90B80A289A7AF60087543B /* Build configuration list for PBXProject "qplayer2demo" */;
			compatibilityVersion = "Xcode 13.0";
			developmentRegion = en;
			hasScannedForEncodings = 0;
			knownRegions = (
				en,
				Base,
			);
			mainGroup = CA90B806289A7AF60087543B;
			productRefGroup = CA90B810289A7AF60087543B /* Products */;
			projectDirPath = "";
			projectReferences = (
				{
					ProductGroup = CA90B8B7289B616F0087543B /* Products */;
					ProjectRef = CA90B8B6289B616F0087543B /* qplayer2-core.xcodeproj */;
				},
				{
					ProductGroup = CA90B8C3289B62460087543B /* Products */;
					ProjectRef = CA90B8C2289B62460087543B /* qplayer2-ext.xcodeproj */;
				},
			);
			projectRoot = "";
			targets = (
				CA90B80E289A7AF60087543B /* qplayer2demo */,
			);
		};
/* End PBXProject section */

/* Begin PBXReferenceProxy section */
		CA90B8BB289B616F0087543B /* qplayer2_core.framework */ = {
			isa = PBXReferenceProxy;
			fileType = wrapper.framework;
			path = qplayer2_core.framework;
			remoteRef = CA90B8BA289B616F0087543B /* PBXContainerItemProxy */;
			sourceTree = BUILT_PRODUCTS_DIR;
		};
		CA90B8C7289B62470087543B /* qplayer2_ext.framework */ = {
			isa = PBXReferenceProxy;
			fileType = wrapper.framework;
			path = qplayer2_ext.framework;
			remoteRef = CA90B8C6289B62470087543B /* PBXContainerItemProxy */;
			sourceTree = BUILT_PRODUCTS_DIR;
		};
/* End PBXReferenceProxy section */

/* Begin PBXResourcesBuildPhase section */
		CA90B80D289A7AF60087543B /* Resources */ = {
			isa = PBXResourcesBuildPhase;
			buildActionMask = 2147483647;
			files = (
				CA90B822289A7AF80087543B /* LaunchScreen.storyboard in Resources */,
				CA90B84F289A7C530087543B /* gotham.mkv in Resources */,
				CA90B859289A7C9F0087543B /* source265_flv.flv in Resources */,
				CA90B84C289A7C530087543B /* lite_urls.json in Resources */,
				CA90B85B289A7C9F0087543B /* source264_mp4.mp4 in Resources */,
				CA90B858289A7C9F0087543B /* source264_flv.flv in Resources */,
				CA90B81F289A7AF80087543B /* Assets.xcassets in Resources */,
				CA90B84E289A7C530087543B /* audiovorbis.ogg in Resources */,
				CA90B81D289A7AF60087543B /* Main.storyboard in Resources */,
				CA90B85A289A7C9F0087543B /* source265_mp4.mp4 in Resources */,
				CA90B85C289A7C9F0087543B /* source_aac.aac in Resources */,
				CA90B84D289A7C530087543B /* urls.json in Resources */,
			);
			runOnlyForDeploymentPostprocessing = 0;
		};
/* End PBXResourcesBuildPhase section */

/* Begin PBXSourcesBuildPhase section */
		CA90B80B289A7AF60087543B /* Sources */ = {
			isa = PBXSourcesBuildPhase;
			buildActionMask = 2147483647;
			files = (
				CA90B85F289A7CD50087543B /* QNPlayerMaskView.m in Sources */,
				CA90B83C289A7B6E0087543B /* QNHomeViewController.m in Sources */,
				CA90B83F289A7B6E0087543B /* PLCellPlayerTableViewCell.m in Sources */,
				CA90B847289A7C1C0087543B /* QNScanViewController.m in Sources */,
				CA90B83A289A7B6D0087543B /* QNURLListTableViewCell.m in Sources */,
				CA90B825289A7AF80087543B /* main.m in Sources */,
				CA90B870289A7CF50087543B /* QNConfigInputTableViewCell.m in Sources */,
				CA90B840289A7B6E0087543B /* QNInfoHeaderView.m in Sources */,
				CA90B83B289A7B6D0087543B /* PLCellPlayerViewController.m in Sources */,
				CA90B83D289A7B6E0087543B /* QNPlayerViewController.m in Sources */,
				CA90B875289A7CF50087543B /* QNConfigListTableViewCell.m in Sources */,
				CA90B883289A7D0D0087543B /* QNSpeedPlayerView.m in Sources */,
				CA90B873289A7CF50087543B /* QNPlayerConfigViewController.m in Sources */,
				CA90B83E289A7B6E0087543B /* QNAppDelegate.m in Sources */,
				CA90B876289A7CF50087543B /* QNConfigSegTableViewCell.m in Sources */,
				CA90B881289A7D0D0087543B /* QNPlayerSettingsView.m in Sources */,
				CA90B874289A7CF50087543B /* QNClassModel.m in Sources */,
				CA90B882289A7D0D0087543B /* QNChangePlayerView.m in Sources */,
				CA90B877289A7CF50087543B /* QNPlayerModel.m in Sources */,
				CA90B872289A7CF50087543B /* QNOptionListView.m in Sources */,
				CA90B871289A7CF50087543B /* QDataHandle.m in Sources */,
			);
			runOnlyForDeploymentPostprocessing = 0;
		};
/* End PBXSourcesBuildPhase section */

/* Begin PBXVariantGroup section */
		CA90B81B289A7AF60087543B /* Main.storyboard */ = {
			isa = PBXVariantGroup;
			children = (
				CA90B81C289A7AF60087543B /* Base */,
			);
			name = Main.storyboard;
			sourceTree = "<group>";
		};
		CA90B820289A7AF80087543B /* LaunchScreen.storyboard */ = {
			isa = PBXVariantGroup;
			children = (
				CA90B821289A7AF80087543B /* Base */,
			);
			name = LaunchScreen.storyboard;
			sourceTree = "<group>";
		};
/* End PBXVariantGroup section */

/* Begin XCBuildConfiguration section */
		CA90B826289A7AF80087543B /* Debug */ = {
			isa = XCBuildConfiguration;
			buildSettings = {
				ALWAYS_SEARCH_USER_PATHS = NO;
				CLANG_ANALYZER_NONNULL = YES;
				CLANG_ANALYZER_NUMBER_OBJECT_CONVERSION = YES_AGGRESSIVE;
				CLANG_CXX_LANGUAGE_STANDARD = "gnu++17";
				CLANG_ENABLE_MODULES = YES;
				CLANG_ENABLE_OBJC_ARC = YES;
				CLANG_ENABLE_OBJC_WEAK = YES;
				CLANG_WARN_BLOCK_CAPTURE_AUTORELEASING = YES;
				CLANG_WARN_BOOL_CONVERSION = YES;
				CLANG_WARN_COMMA = YES;
				CLANG_WARN_CONSTANT_CONVERSION = YES;
				CLANG_WARN_DEPRECATED_OBJC_IMPLEMENTATIONS = YES;
				CLANG_WARN_DIRECT_OBJC_ISA_USAGE = YES_ERROR;
				CLANG_WARN_DOCUMENTATION_COMMENTS = YES;
				CLANG_WARN_EMPTY_BODY = YES;
				CLANG_WARN_ENUM_CONVERSION = YES;
				CLANG_WARN_INFINITE_RECURSION = YES;
				CLANG_WARN_INT_CONVERSION = YES;
				CLANG_WARN_NON_LITERAL_NULL_CONVERSION = YES;
				CLANG_WARN_OBJC_IMPLICIT_RETAIN_SELF = YES;
				CLANG_WARN_OBJC_LITERAL_CONVERSION = YES;
				CLANG_WARN_OBJC_ROOT_CLASS = YES_ERROR;
				CLANG_WARN_QUOTED_INCLUDE_IN_FRAMEWORK_HEADER = YES;
				CLANG_WARN_RANGE_LOOP_ANALYSIS = YES;
				CLANG_WARN_STRICT_PROTOTYPES = YES;
				CLANG_WARN_SUSPICIOUS_MOVE = YES;
				CLANG_WARN_UNGUARDED_AVAILABILITY = YES_AGGRESSIVE;
				CLANG_WARN_UNREACHABLE_CODE = YES;
				CLANG_WARN__DUPLICATE_METHOD_MATCH = YES;
				COPY_PHASE_STRIP = NO;
				DEBUG_INFORMATION_FORMAT = dwarf;
				ENABLE_STRICT_OBJC_MSGSEND = YES;
				ENABLE_TESTABILITY = YES;
				GCC_C_LANGUAGE_STANDARD = gnu11;
				GCC_DYNAMIC_NO_PIC = NO;
				GCC_NO_COMMON_BLOCKS = YES;
				GCC_OPTIMIZATION_LEVEL = 0;
				GCC_PREPROCESSOR_DEFINITIONS = (
					"DEBUG=1",
					"$(inherited)",
				);
				GCC_WARN_64_TO_32_BIT_CONVERSION = YES;
				GCC_WARN_ABOUT_RETURN_TYPE = YES_ERROR;
				GCC_WARN_UNDECLARED_SELECTOR = YES;
				GCC_WARN_UNINITIALIZED_AUTOS = YES_AGGRESSIVE;
				GCC_WARN_UNUSED_FUNCTION = YES;
				GCC_WARN_UNUSED_VARIABLE = YES;
				IPHONEOS_DEPLOYMENT_TARGET = 15.5;
				MTL_ENABLE_DEBUG_INFO = INCLUDE_SOURCE;
				MTL_FAST_MATH = YES;
				ONLY_ACTIVE_ARCH = YES;
				SDKROOT = iphoneos;
			};
			name = Debug;
		};
		CA90B827289A7AF80087543B /* Release */ = {
			isa = XCBuildConfiguration;
			buildSettings = {
				ALWAYS_SEARCH_USER_PATHS = NO;
				CLANG_ANALYZER_NONNULL = YES;
				CLANG_ANALYZER_NUMBER_OBJECT_CONVERSION = YES_AGGRESSIVE;
				CLANG_CXX_LANGUAGE_STANDARD = "gnu++17";
				CLANG_ENABLE_MODULES = YES;
				CLANG_ENABLE_OBJC_ARC = YES;
				CLANG_ENABLE_OBJC_WEAK = YES;
				CLANG_WARN_BLOCK_CAPTURE_AUTORELEASING = YES;
				CLANG_WARN_BOOL_CONVERSION = YES;
				CLANG_WARN_COMMA = YES;
				CLANG_WARN_CONSTANT_CONVERSION = YES;
				CLANG_WARN_DEPRECATED_OBJC_IMPLEMENTATIONS = YES;
				CLANG_WARN_DIRECT_OBJC_ISA_USAGE = YES_ERROR;
				CLANG_WARN_DOCUMENTATION_COMMENTS = YES;
				CLANG_WARN_EMPTY_BODY = YES;
				CLANG_WARN_ENUM_CONVERSION = YES;
				CLANG_WARN_INFINITE_RECURSION = YES;
				CLANG_WARN_INT_CONVERSION = YES;
				CLANG_WARN_NON_LITERAL_NULL_CONVERSION = YES;
				CLANG_WARN_OBJC_IMPLICIT_RETAIN_SELF = YES;
				CLANG_WARN_OBJC_LITERAL_CONVERSION = YES;
				CLANG_WARN_OBJC_ROOT_CLASS = YES_ERROR;
				CLANG_WARN_QUOTED_INCLUDE_IN_FRAMEWORK_HEADER = YES;
				CLANG_WARN_RANGE_LOOP_ANALYSIS = YES;
				CLANG_WARN_STRICT_PROTOTYPES = YES;
				CLANG_WARN_SUSPICIOUS_MOVE = YES;
				CLANG_WARN_UNGUARDED_AVAILABILITY = YES_AGGRESSIVE;
				CLANG_WARN_UNREACHABLE_CODE = YES;
				CLANG_WARN__DUPLICATE_METHOD_MATCH = YES;
				COPY_PHASE_STRIP = NO;
				DEBUG_INFORMATION_FORMAT = "dwarf-with-dsym";
				ENABLE_NS_ASSERTIONS = NO;
				ENABLE_STRICT_OBJC_MSGSEND = YES;
				GCC_C_LANGUAGE_STANDARD = gnu11;
				GCC_NO_COMMON_BLOCKS = YES;
				GCC_WARN_64_TO_32_BIT_CONVERSION = YES;
				GCC_WARN_ABOUT_RETURN_TYPE = YES_ERROR;
				GCC_WARN_UNDECLARED_SELECTOR = YES;
				GCC_WARN_UNINITIALIZED_AUTOS = YES_AGGRESSIVE;
				GCC_WARN_UNUSED_FUNCTION = YES;
				GCC_WARN_UNUSED_VARIABLE = YES;
				IPHONEOS_DEPLOYMENT_TARGET = 15.5;
				MTL_ENABLE_DEBUG_INFO = NO;
				MTL_FAST_MATH = YES;
				SDKROOT = iphoneos;
				VALIDATE_PRODUCT = YES;
			};
			name = Release;
		};
		CA90B829289A7AF80087543B /* Debug */ = {
			isa = XCBuildConfiguration;
			buildSettings = {
				ASSETCATALOG_COMPILER_APPICON_NAME = AppIcon;
				ASSETCATALOG_COMPILER_GLOBAL_ACCENT_COLOR_NAME = AccentColor;
				CODE_SIGN_STYLE = Automatic;
				CURRENT_PROJECT_VERSION = 1;
				DEVELOPMENT_TEAM = GDFHW66V92;
				GENERATE_INFOPLIST_FILE = YES;
				INFOPLIST_FILE = qplayer2demo/Info.plist;
				INFOPLIST_KEY_NSCameraUsageDescription = "";
				INFOPLIST_KEY_NSPhotoLibraryAddUsageDescription = "";
				INFOPLIST_KEY_NSPhotoLibraryUsageDescription = "";
				INFOPLIST_KEY_UIApplicationSupportsIndirectInputEvents = YES;
				INFOPLIST_KEY_UILaunchStoryboardName = LaunchScreen;
				INFOPLIST_KEY_UIMainStoryboardFile = Main;
				INFOPLIST_KEY_UIRequiredDeviceCapabilities = armv7;
				INFOPLIST_KEY_UISupportedInterfaceOrientations = UIInterfaceOrientationPortrait;
				INFOPLIST_KEY_UISupportedInterfaceOrientations_iPad = "UIInterfaceOrientationPortrait UIInterfaceOrientationPortraitUpsideDown UIInterfaceOrientationLandscapeLeft UIInterfaceOrientationLandscapeRight";
				INFOPLIST_KEY_UISupportedInterfaceOrientations_iPhone = "UIInterfaceOrientationPortrait UIInterfaceOrientationLandscapeLeft UIInterfaceOrientationLandscapeRight";
				IPHONEOS_DEPLOYMENT_TARGET = 10.0;
				LD_RUNPATH_SEARCH_PATHS = (
					"$(inherited)",
					"@executable_path/Frameworks",
				);
				MARKETING_VERSION = 1.0;
				PRODUCT_BUNDLE_IDENTIFIER = com.qiniu.qplayer2;
				PRODUCT_NAME = "$(TARGET_NAME)";
				SWIFT_EMIT_LOC_STRINGS = YES;
				TARGETED_DEVICE_FAMILY = "1,2";
			};
			name = Debug;
		};
		CA90B82A289A7AF80087543B /* Release */ = {
			isa = XCBuildConfiguration;
			buildSettings = {
				ASSETCATALOG_COMPILER_APPICON_NAME = AppIcon;
				ASSETCATALOG_COMPILER_GLOBAL_ACCENT_COLOR_NAME = AccentColor;
				CODE_SIGN_STYLE = Automatic;
				CURRENT_PROJECT_VERSION = 1;
				DEVELOPMENT_TEAM = GDFHW66V92;
				GENERATE_INFOPLIST_FILE = YES;
				INFOPLIST_FILE = qplayer2demo/Info.plist;
				INFOPLIST_KEY_NSCameraUsageDescription = "";
				INFOPLIST_KEY_NSPhotoLibraryAddUsageDescription = "";
				INFOPLIST_KEY_NSPhotoLibraryUsageDescription = "";
				INFOPLIST_KEY_UIApplicationSupportsIndirectInputEvents = YES;
				INFOPLIST_KEY_UILaunchStoryboardName = LaunchScreen;
				INFOPLIST_KEY_UIMainStoryboardFile = Main;
				INFOPLIST_KEY_UIRequiredDeviceCapabilities = armv7;
				INFOPLIST_KEY_UISupportedInterfaceOrientations = UIInterfaceOrientationPortrait;
				INFOPLIST_KEY_UISupportedInterfaceOrientations_iPad = "UIInterfaceOrientationPortrait UIInterfaceOrientationPortraitUpsideDown UIInterfaceOrientationLandscapeLeft UIInterfaceOrientationLandscapeRight";
				INFOPLIST_KEY_UISupportedInterfaceOrientations_iPhone = "UIInterfaceOrientationPortrait UIInterfaceOrientationLandscapeLeft UIInterfaceOrientationLandscapeRight";
				IPHONEOS_DEPLOYMENT_TARGET = 10.0;
				LD_RUNPATH_SEARCH_PATHS = (
					"$(inherited)",
					"@executable_path/Frameworks",
				);
				MARKETING_VERSION = 1.0;
				PRODUCT_BUNDLE_IDENTIFIER = com.qiniu.qplayer2;
				PRODUCT_NAME = "$(TARGET_NAME)";
				SWIFT_EMIT_LOC_STRINGS = YES;
				TARGETED_DEVICE_FAMILY = "1,2";
			};
			name = Release;
		};
/* End XCBuildConfiguration section */

/* Begin XCConfigurationList section */
		CA90B80A289A7AF60087543B /* Build configuration list for PBXProject "qplayer2demo" */ = {
			isa = XCConfigurationList;
			buildConfigurations = (
				CA90B826289A7AF80087543B /* Debug */,
				CA90B827289A7AF80087543B /* Release */,
			);
			defaultConfigurationIsVisible = 0;
			defaultConfigurationName = Release;
		};
		CA90B828289A7AF80087543B /* Build configuration list for PBXNativeTarget "qplayer2demo" */ = {
			isa = XCConfigurationList;
			buildConfigurations = (
				CA90B829289A7AF80087543B /* Debug */,
				CA90B82A289A7AF80087543B /* Release */,
			);
			defaultConfigurationIsVisible = 0;
			defaultConfigurationName = Release;
		};
/* End XCConfigurationList section */
	};
	rootObject = CA90B807289A7AF60087543B /* Project object */;
}
